// !$*UTF8*$!
{
	archiveVersion = 1;
	classes = {
	};
	objectVersion = 46;
	objects = {

/* Begin PBXBuildFile section */
		380671101AD9F2FB0074E4FE /* SPLikesViewController.swift in Sources */ = {isa = PBXBuildFile; fileRef = 3806710E1AD9F2FB0074E4FE /* SPLikesViewController.swift */; };
		380671111AD9F2FB0074E4FE /* SPLikesViewController.xib in Resources */ = {isa = PBXBuildFile; fileRef = 3806710F1AD9F2FB0074E4FE /* SPLikesViewController.xib */; };
		380671151AD9F7B10074E4FE /* SPLikesTableViewCell.swift in Sources */ = {isa = PBXBuildFile; fileRef = 380671131AD9F7B10074E4FE /* SPLikesTableViewCell.swift */; };
		380671161AD9F7B10074E4FE /* SPLikesTableViewCell.xib in Resources */ = {isa = PBXBuildFile; fileRef = 380671141AD9F7B10074E4FE /* SPLikesTableViewCell.xib */; };
		380671731AAD6EC30001527F /* OpenSans-Semibold.ttf in Resources */ = {isa = PBXBuildFile; fileRef = 3863A6FC1A7F6D1800AFE938 /* OpenSans-Semibold.ttf */; };
		380671741AAD6ED00001527F /* OpenSans-Regular.ttf in Resources */ = {isa = PBXBuildFile; fileRef = 3863A6FD1A7F6D1800AFE938 /* OpenSans-Regular.ttf */; };
		380671751AAD6ED00001527F /* OpenSans-Light.ttf in Resources */ = {isa = PBXBuildFile; fileRef = 3863A6FE1A7F6D1800AFE938 /* OpenSans-Light.ttf */; };
		380671761AAD6ED00001527F /* OpenSans-Bold.ttf in Resources */ = {isa = PBXBuildFile; fileRef = 3863A6FF1A7F6D1800AFE938 /* OpenSans-Bold.ttf */; };
		3811EA8A1AD0967300F234AF /* SPTabBarController.swift in Sources */ = {isa = PBXBuildFile; fileRef = 3811EA891AD0967300F234AF /* SPTabBarController.swift */; };
		3811EA8D1AD09D2700F234AF /* UIImage+BackgroundImage.m in Sources */ = {isa = PBXBuildFile; fileRef = 3811EA8C1AD09D2700F234AF /* UIImage+BackgroundImage.m */; };
		38160A261AB50F34005504AD /* SLKTextViewController.m in Sources */ = {isa = PBXBuildFile; fileRef = 38160A1C1AB50F34005504AD /* SLKTextViewController.m */; };
		38160A271AB50F34005504AD /* SLKTextView.m in Sources */ = {isa = PBXBuildFile; fileRef = 38160A1D1AB50F34005504AD /* SLKTextView.m */; };
		38160A281AB50F34005504AD /* SLKTextInputbar.m in Sources */ = {isa = PBXBuildFile; fileRef = 38160A1E1AB50F34005504AD /* SLKTextInputbar.m */; };
		38160A291AB50F34005504AD /* SLKTypingIndicatorView.m in Sources */ = {isa = PBXBuildFile; fileRef = 38160A201AB50F34005504AD /* SLKTypingIndicatorView.m */; };
		38160A2A1AB50F34005504AD /* SLKInputAccessoryView.m in Sources */ = {isa = PBXBuildFile; fileRef = 38160A231AB50F34005504AD /* SLKInputAccessoryView.m */; };
		38160A331AB50F95005504AD /* SLKTextView+SLKAdditions.m in Sources */ = {isa = PBXBuildFile; fileRef = 38160A2C1AB50F95005504AD /* SLKTextView+SLKAdditions.m */; };
		38160A341AB50F95005504AD /* UIView+SLKAdditions.m in Sources */ = {isa = PBXBuildFile; fileRef = 38160A2D1AB50F95005504AD /* UIView+SLKAdditions.m */; };
		38160A351AB50F95005504AD /* UIScrollView+SLKAdditions.m in Sources */ = {isa = PBXBuildFile; fileRef = 38160A311AB50F95005504AD /* UIScrollView+SLKAdditions.m */; };
		38160A371AB51E1F005504AD /* SPCommentsViewController.swift in Sources */ = {isa = PBXBuildFile; fileRef = 38160A361AB51E1F005504AD /* SPCommentsViewController.swift */; };
		381B47691ABE546F00E5405B /* SPProfileNotificationsTableViewCell.swift in Sources */ = {isa = PBXBuildFile; fileRef = 381B47671ABE546F00E5405B /* SPProfileNotificationsTableViewCell.swift */; };
		381B476A1ABE546F00E5405B /* SPProfileNotificationsTableViewCell.xib in Resources */ = {isa = PBXBuildFile; fileRef = 381B47681ABE546F00E5405B /* SPProfileNotificationsTableViewCell.xib */; };
		3845F7E11A560A5800191BDA /* AppDelegate.swift in Sources */ = {isa = PBXBuildFile; fileRef = 3845F7E01A560A5800191BDA /* AppDelegate.swift */; };
		3845F7E81A560A5800191BDA /* Main.storyboard in Resources */ = {isa = PBXBuildFile; fileRef = 3845F7E61A560A5800191BDA /* Main.storyboard */; };
		3845F7F91A560A5800191BDA /* StylpicTests.swift in Sources */ = {isa = PBXBuildFile; fileRef = 3845F7F81A560A5800191BDA /* StylpicTests.swift */; };
		3845F8071A560A8800191BDA /* Bolts.framework in Frameworks */ = {isa = PBXBuildFile; fileRef = 3845F8021A560A8800191BDA /* Bolts.framework */; };
		3845F8081A560A8800191BDA /* Parse.framework in Frameworks */ = {isa = PBXBuildFile; fileRef = 3845F8031A560A8800191BDA /* Parse.framework */; };
		3845F8091A560A8800191BDA /* ParseCrashReporting.framework in Frameworks */ = {isa = PBXBuildFile; fileRef = 3845F8041A560A8800191BDA /* ParseCrashReporting.framework */; };
		3845F80A1A560A8800191BDA /* ParseFacebookUtils.framework in Frameworks */ = {isa = PBXBuildFile; fileRef = 3845F8051A560A8800191BDA /* ParseFacebookUtils.framework */; };
		3845F80B1A560A8800191BDA /* ParseUI.framework in Frameworks */ = {isa = PBXBuildFile; fileRef = 3845F8061A560A8800191BDA /* ParseUI.framework */; };
		3845F80E1A560ADD00191BDA /* Accounts.framework in Frameworks */ = {isa = PBXBuildFile; fileRef = 3845F80D1A560ADD00191BDA /* Accounts.framework */; };
		3845F8101A560AE700191BDA /* AudioToolbox.framework in Frameworks */ = {isa = PBXBuildFile; fileRef = 3845F80F1A560AE700191BDA /* AudioToolbox.framework */; };
		3845F8121A560AF300191BDA /* CFNetwork.framework in Frameworks */ = {isa = PBXBuildFile; fileRef = 3845F8111A560AF300191BDA /* CFNetwork.framework */; };
		386B7A821AA82ECD00115147 /* SPClosetDetailViewController.swift in Sources */ = {isa = PBXBuildFile; fileRef = 386B7A801AA82ECD00115147 /* SPClosetDetailViewController.swift */; };
		386B7A831AA82ECD00115147 /* SPClosetDetailViewController.xib in Resources */ = {isa = PBXBuildFile; fileRef = 386B7A811AA82ECD00115147 /* SPClosetDetailViewController.xib */; };
		386B7A861AA8361F00115147 /* TTTTimeIntervalFormatter.m in Sources */ = {isa = PBXBuildFile; fileRef = 386B7A851AA8361F00115147 /* TTTTimeIntervalFormatter.m */; };
		387463671AA3FA1C002E0565 /* SPManager.swift in Sources */ = {isa = PBXBuildFile; fileRef = 387463661AA3FA1C002E0565 /* SPManager.swift */; };
		387463701AA40465002E0565 /* SPFeedItem.swift in Sources */ = {isa = PBXBuildFile; fileRef = 3874636F1AA40465002E0565 /* SPFeedItem.swift */; };
		387463741AA418AC002E0565 /* SPProfileInfo.swift in Sources */ = {isa = PBXBuildFile; fileRef = 387463731AA418AC002E0565 /* SPProfileInfo.swift */; };
		387463761AA418BA002E0565 /* SPPhotosComments.swift in Sources */ = {isa = PBXBuildFile; fileRef = 387463751AA418BA002E0565 /* SPPhotosComments.swift */; };
		389A56E91A564B4E00EB0EFD /* SPFeedViewTableViewCell.swift in Sources */ = {isa = PBXBuildFile; fileRef = 389A56E81A564B4E00EB0EFD /* SPFeedViewTableViewCell.swift */; };
		389A56EB1A564BAC00EB0EFD /* SPBaseTableViewController.swift in Sources */ = {isa = PBXBuildFile; fileRef = 389A56EA1A564BAC00EB0EFD /* SPBaseTableViewController.swift */; };
		389A56F31A57277800EB0EFD /* FacebookSDK.framework in Frameworks */ = {isa = PBXBuildFile; fileRef = 389A56F11A57275E00EB0EFD /* FacebookSDK.framework */; };
		389A56F91A57405500EB0EFD /* SPLoginViewController.swift in Sources */ = {isa = PBXBuildFile; fileRef = 389A56F81A57405500EB0EFD /* SPLoginViewController.swift */; };
		38AA7BF61A883E6600A75FB7 /* SPFeedDetailViewController.swift in Sources */ = {isa = PBXBuildFile; fileRef = 38AA7BF41A883E6600A75FB7 /* SPFeedDetailViewController.swift */; };
		38AA7BF71A883E6600A75FB7 /* SPFeedDetailViewController.xib in Resources */ = {isa = PBXBuildFile; fileRef = 38AA7BF51A883E6600A75FB7 /* SPFeedDetailViewController.xib */; };
		38AA7BFA1A88423800A75FB7 /* SPFeedDetailPictureTableViewCell.swift in Sources */ = {isa = PBXBuildFile; fileRef = 38AA7BF81A88423800A75FB7 /* SPFeedDetailPictureTableViewCell.swift */; };
		38AA7BFB1A88423800A75FB7 /* SPFeedDetailPictureTableViewCell.xib in Resources */ = {isa = PBXBuildFile; fileRef = 38AA7BF91A88423800A75FB7 /* SPFeedDetailPictureTableViewCell.xib */; };
		38AA7BFE1A88425300A75FB7 /* SPFeedDetailCommentTableViewCell.swift in Sources */ = {isa = PBXBuildFile; fileRef = 38AA7BFC1A88425300A75FB7 /* SPFeedDetailCommentTableViewCell.swift */; };
		38AA7BFF1A88425300A75FB7 /* SPFeedDetailCommentTableViewCell.xib in Resources */ = {isa = PBXBuildFile; fileRef = 38AA7BFD1A88425300A75FB7 /* SPFeedDetailCommentTableViewCell.xib */; };
		38AA7C011A88A42B00A75FB7 /* SPBaseTableViewCell.swift in Sources */ = {isa = PBXBuildFile; fileRef = 38AA7C001A88A42B00A75FB7 /* SPBaseTableViewCell.swift */; };
		38AC45161AA8212700199935 /* SPClosetCollectionViewCell.swift in Sources */ = {isa = PBXBuildFile; fileRef = 38AC45141AA8212700199935 /* SPClosetCollectionViewCell.swift */; };
		38AC45171AA8212700199935 /* SPClosetCollectionViewCell.xib in Resources */ = {isa = PBXBuildFile; fileRef = 38AC45151AA8212700199935 /* SPClosetCollectionViewCell.xib */; };
		38BB444B1A63B7E2004CD444 /* SPEditPhotoViewController.swift in Sources */ = {isa = PBXBuildFile; fileRef = 38BB444A1A63B7E2004CD444 /* SPEditPhotoViewController.swift */; };
		38BB444F1A63C077004CD444 /* SPEditPhotoViewController.xib in Resources */ = {isa = PBXBuildFile; fileRef = 38BB444E1A63C077004CD444 /* SPEditPhotoViewController.xib */; };
		38BB44511A66313C004CD444 /* SPExploreTableViewController.swift in Sources */ = {isa = PBXBuildFile; fileRef = 38BB44501A66313C004CD444 /* SPExploreTableViewController.swift */; };
		38BB44561A663174004CD444 /* SPProfileViewController.swift in Sources */ = {isa = PBXBuildFile; fileRef = 38BB44551A663174004CD444 /* SPProfileViewController.swift */; };
		38BB44591A66318C004CD444 /* SPClosetViewController.swift in Sources */ = {isa = PBXBuildFile; fileRef = 38BB44581A66318C004CD444 /* SPClosetViewController.swift */; };
		38CD696A1AD231140003F8A4 /* SPLikeCommentButtonView.swift in Sources */ = {isa = PBXBuildFile; fileRef = 38CD69691AD231140003F8A4 /* SPLikeCommentButtonView.swift */; };
		38CD696C1AD231210003F8A4 /* SPLikeCommentButtonView.xib in Resources */ = {isa = PBXBuildFile; fileRef = 38CD696B1AD231210003F8A4 /* SPLikeCommentButtonView.xib */; };
		38E7F82F1AA6DA160084D8F0 /* SPPhotosQueryTableViewController.swift in Sources */ = {isa = PBXBuildFile; fileRef = 38E7F82E1AA6DA160084D8F0 /* SPPhotosQueryTableViewController.swift */; };
		38E7F8311AA6E9160084D8F0 /* SPFeedViewTableViewCell.xib in Resources */ = {isa = PBXBuildFile; fileRef = 38E7F8301AA6E9160084D8F0 /* SPFeedViewTableViewCell.xib */; };
		38EAD4601AB63BBB00A6FD81 /* SPProfileToolBarView.xib in Resources */ = {isa = PBXBuildFile; fileRef = 38EAD45F1AB63BBB00A6FD81 /* SPProfileToolBarView.xib */; };
		38EAD4621AB63BCA00A6FD81 /* SPProfileToolBarView.swift in Sources */ = {isa = PBXBuildFile; fileRef = 38EAD4611AB63BCA00A6FD81 /* SPProfileToolBarView.swift */; };
		38EAD4641AB63DE700A6FD81 /* SPProfileHeaderView.swift in Sources */ = {isa = PBXBuildFile; fileRef = 38EAD4631AB63DE700A6FD81 /* SPProfileHeaderView.swift */; };
		38EAD4661AB63DF000A6FD81 /* SPProfileHeaderView.xib in Resources */ = {isa = PBXBuildFile; fileRef = 38EAD4651AB63DF000A6FD81 /* SPProfileHeaderView.xib */; };
		38EAD4691AB651A500A6FD81 /* UIView+Borders.m in Sources */ = {isa = PBXBuildFile; fileRef = 38EAD4671AB651A500A6FD81 /* UIView+Borders.m */; };
		38EAD46D1AB66D8F00A6FD81 /* SPProfilePostTableViewCell.swift in Sources */ = {isa = PBXBuildFile; fileRef = 38EAD46B1AB66D8F00A6FD81 /* SPProfilePostTableViewCell.swift */; };
		38EAD46E1AB66D8F00A6FD81 /* SPProfilePostTableViewCell.xib in Resources */ = {isa = PBXBuildFile; fileRef = 38EAD46C1AB66D8F00A6FD81 /* SPProfilePostTableViewCell.xib */; };
		38F87B3C1AD20D1800180602 /* SPFeedDetailCollaborationTableViewCell.swift in Sources */ = {isa = PBXBuildFile; fileRef = 38F87B3A1AD20D1800180602 /* SPFeedDetailCollaborationTableViewCell.swift */; };
		38F87B3D1AD20D1800180602 /* SPFeedDetailCollaborationTableViewCell.xib in Resources */ = {isa = PBXBuildFile; fileRef = 38F87B3B1AD20D1800180602 /* SPFeedDetailCollaborationTableViewCell.xib */; };
		38F87B401AD20E9100180602 /* SPCommentsSmallTableViewCell.swift in Sources */ = {isa = PBXBuildFile; fileRef = 38F87B3E1AD20E9100180602 /* SPCommentsSmallTableViewCell.swift */; };
		38F87B411AD20E9100180602 /* SPCommentsSmallTableViewCell.xib in Resources */ = {isa = PBXBuildFile; fileRef = 38F87B3F1AD20E9100180602 /* SPCommentsSmallTableViewCell.xib */; };
		38F87B451AD210AB00180602 /* TTTAttributedLabel.m in Sources */ = {isa = PBXBuildFile; fileRef = 38F87B441AD210AB00180602 /* TTTAttributedLabel.m */; };
		481756021A99554D0004E1C8 /* FacebookSDK.framework in Frameworks */ = {isa = PBXBuildFile; fileRef = 481756011A99554D0004E1C8 /* FacebookSDK.framework */; };
		483097C31ABF8A470076331C /* SPPhotoPair.m in Sources */ = {isa = PBXBuildFile; fileRef = 483097C21ABF8A470076331C /* SPPhotoPair.m */; };
		483097C61ABF8B990076331C /* SPUser.m in Sources */ = {isa = PBXBuildFile; fileRef = 483097C51ABF8B990076331C /* SPUser.m */; };
		483097C91ABF8DDB0076331C /* SPActivity.m in Sources */ = {isa = PBXBuildFile; fileRef = 483097C81ABF8DDB0076331C /* SPActivity.m */; };
		483097CB1ABF93780076331C /* Constants.swift in Sources */ = {isa = PBXBuildFile; fileRef = 483097CA1ABF93780076331C /* Constants.swift */; };
		4842AA341ADB56190013C726 /* SPInviteFriendsTableViewController.swift in Sources */ = {isa = PBXBuildFile; fileRef = 4842AA331ADB56190013C726 /* SPInviteFriendsTableViewController.swift */; };
		484770B81AD9DC2F007045E5 /* Images.xcassets in Resources */ = {isa = PBXBuildFile; fileRef = 484770B71AD9DC2F007045E5 /* Images.xcassets */; };
		4854A9D01A9AC79500164CD0 /* SPCameraOverlay.xib in Resources */ = {isa = PBXBuildFile; fileRef = 4854A9CF1A9AC79500164CD0 /* SPCameraOverlay.xib */; };
		4854A9D21A9AC7E800164CD0 /* SPCameraOverlay.swift in Sources */ = {isa = PBXBuildFile; fileRef = 4854A9D11A9AC7E800164CD0 /* SPCameraOverlay.swift */; };
		4877E1111AA3E6D1006587CE /* Social.framework in Frameworks */ = {isa = PBXBuildFile; fileRef = 4877E1101AA3E6D1006587CE /* Social.framework */; };
		48B4BC911A9AA83300B06E41 /* SPPostViewController.swift in Sources */ = {isa = PBXBuildFile; fileRef = 48B4BC901A9AA83300B06E41 /* SPPostViewController.swift */; };
		48BCBACC1AD0939D001A60AB /* SPPhoto.m in Sources */ = {isa = PBXBuildFile; fileRef = 48BCBACB1AD0939D001A60AB /* SPPhoto.m */; };
		48BCBACF1AD09448001A60AB /* SPClosetPhoto.m in Sources */ = {isa = PBXBuildFile; fileRef = 48BCBACE1AD09448001A60AB /* SPClosetPhoto.m */; };
		48D5C7211AC3C79B00D3EBA9 /* SPFeedTableViewController.swift in Sources */ = {isa = PBXBuildFile; fileRef = 48D5C7201AC3C79B00D3EBA9 /* SPFeedTableViewController.swift */; };
		EC3B4BC81ABBC28200E76121 /* SPProfileFollowTableViewCell.swift in Sources */ = {isa = PBXBuildFile; fileRef = EC3B4BC61ABBC28200E76121 /* SPProfileFollowTableViewCell.swift */; };
		EC3B4BC91ABBC28200E76121 /* SPProfileFollowTableViewCell.xib in Resources */ = {isa = PBXBuildFile; fileRef = EC3B4BC71ABBC28200E76121 /* SPProfileFollowTableViewCell.xib */; };
		EC3B4BCB1ABBDDF500E76121 /* SPBaseFeedViewTableViewCell.swift in Sources */ = {isa = PBXBuildFile; fileRef = EC3B4BCA1ABBDDF500E76121 /* SPBaseFeedViewTableViewCell.swift */; };
		ECB2C2311A560DC30009FD11 /* CoreGraphics.framework in Frameworks */ = {isa = PBXBuildFile; fileRef = ECB2C2301A560DC30009FD11 /* CoreGraphics.framework */; };
		ECB2C2331A560DFF0009FD11 /* CoreLocation.framework in Frameworks */ = {isa = PBXBuildFile; fileRef = ECB2C2321A560DFF0009FD11 /* CoreLocation.framework */; };
		ECB2C23B1A560E350009FD11 /* libsqlite3.dylib in Frameworks */ = {isa = PBXBuildFile; fileRef = ECB2C2341A560E350009FD11 /* libsqlite3.dylib */; };
		ECB2C23C1A560E350009FD11 /* libz.dylib in Frameworks */ = {isa = PBXBuildFile; fileRef = ECB2C2351A560E350009FD11 /* libz.dylib */; };
		ECB2C23D1A560E350009FD11 /* MobileCoreServices.framework in Frameworks */ = {isa = PBXBuildFile; fileRef = ECB2C2361A560E350009FD11 /* MobileCoreServices.framework */; };
		ECB2C23E1A560E350009FD11 /* QuartzCore.framework in Frameworks */ = {isa = PBXBuildFile; fileRef = ECB2C2371A560E350009FD11 /* QuartzCore.framework */; };
		ECB2C23F1A560E350009FD11 /* Security.framework in Frameworks */ = {isa = PBXBuildFile; fileRef = ECB2C2381A560E350009FD11 /* Security.framework */; };
		ECB2C2401A560E350009FD11 /* StoreKit.framework in Frameworks */ = {isa = PBXBuildFile; fileRef = ECB2C2391A560E350009FD11 /* StoreKit.framework */; };
		ECB2C2411A560E350009FD11 /* SystemConfiguration.framework in Frameworks */ = {isa = PBXBuildFile; fileRef = ECB2C23A1A560E350009FD11 /* SystemConfiguration.framework */; };
/* End PBXBuildFile section */

/* Begin PBXContainerItemProxy section */
		3845F7F31A560A5800191BDA /* PBXContainerItemProxy */ = {
			isa = PBXContainerItemProxy;
			containerPortal = 3845F7D31A560A5800191BDA /* Project object */;
			proxyType = 1;
			remoteGlobalIDString = 3845F7DA1A560A5800191BDA;
			remoteInfo = Stylpic;
		};
/* End PBXContainerItemProxy section */

/* Begin PBXFileReference section */
		3806710E1AD9F2FB0074E4FE /* SPLikesViewController.swift */ = {isa = PBXFileReference; fileEncoding = 4; lastKnownFileType = sourcecode.swift; path = SPLikesViewController.swift; sourceTree = "<group>"; };
		3806710F1AD9F2FB0074E4FE /* SPLikesViewController.xib */ = {isa = PBXFileReference; fileEncoding = 4; lastKnownFileType = file.xib; path = SPLikesViewController.xib; sourceTree = "<group>"; };
		380671131AD9F7B10074E4FE /* SPLikesTableViewCell.swift */ = {isa = PBXFileReference; fileEncoding = 4; lastKnownFileType = sourcecode.swift; path = SPLikesTableViewCell.swift; sourceTree = "<group>"; };
		380671141AD9F7B10074E4FE /* SPLikesTableViewCell.xib */ = {isa = PBXFileReference; fileEncoding = 4; lastKnownFileType = file.xib; path = SPLikesTableViewCell.xib; sourceTree = "<group>"; };
		3811EA891AD0967300F234AF /* SPTabBarController.swift */ = {isa = PBXFileReference; fileEncoding = 4; lastKnownFileType = sourcecode.swift; path = SPTabBarController.swift; sourceTree = "<group>"; };
		3811EA8B1AD09D2700F234AF /* UIImage+BackgroundImage.h */ = {isa = PBXFileReference; fileEncoding = 4; lastKnownFileType = sourcecode.c.h; path = "UIImage+BackgroundImage.h"; sourceTree = "<group>"; };
		3811EA8C1AD09D2700F234AF /* UIImage+BackgroundImage.m */ = {isa = PBXFileReference; fileEncoding = 4; lastKnownFileType = sourcecode.c.objc; path = "UIImage+BackgroundImage.m"; sourceTree = "<group>"; };
		38160A1C1AB50F34005504AD /* SLKTextViewController.m */ = {isa = PBXFileReference; fileEncoding = 4; lastKnownFileType = sourcecode.c.objc; path = SLKTextViewController.m; sourceTree = "<group>"; };
		38160A1D1AB50F34005504AD /* SLKTextView.m */ = {isa = PBXFileReference; fileEncoding = 4; lastKnownFileType = sourcecode.c.objc; path = SLKTextView.m; sourceTree = "<group>"; };
		38160A1E1AB50F34005504AD /* SLKTextInputbar.m */ = {isa = PBXFileReference; fileEncoding = 4; lastKnownFileType = sourcecode.c.objc; path = SLKTextInputbar.m; sourceTree = "<group>"; };
		38160A1F1AB50F34005504AD /* SLKTextViewController.h */ = {isa = PBXFileReference; fileEncoding = 4; lastKnownFileType = sourcecode.c.h; path = SLKTextViewController.h; sourceTree = "<group>"; };
		38160A201AB50F34005504AD /* SLKTypingIndicatorView.m */ = {isa = PBXFileReference; fileEncoding = 4; lastKnownFileType = sourcecode.c.objc; path = SLKTypingIndicatorView.m; sourceTree = "<group>"; };
		38160A211AB50F34005504AD /* SLKTextView.h */ = {isa = PBXFileReference; fileEncoding = 4; lastKnownFileType = sourcecode.c.h; path = SLKTextView.h; sourceTree = "<group>"; };
		38160A221AB50F34005504AD /* SLKTextInputbar.h */ = {isa = PBXFileReference; fileEncoding = 4; lastKnownFileType = sourcecode.c.h; path = SLKTextInputbar.h; sourceTree = "<group>"; };
		38160A231AB50F34005504AD /* SLKInputAccessoryView.m */ = {isa = PBXFileReference; fileEncoding = 4; lastKnownFileType = sourcecode.c.objc; path = SLKInputAccessoryView.m; sourceTree = "<group>"; };
		38160A241AB50F34005504AD /* SLKTypingIndicatorView.h */ = {isa = PBXFileReference; fileEncoding = 4; lastKnownFileType = sourcecode.c.h; path = SLKTypingIndicatorView.h; sourceTree = "<group>"; };
		38160A251AB50F34005504AD /* SLKInputAccessoryView.h */ = {isa = PBXFileReference; fileEncoding = 4; lastKnownFileType = sourcecode.c.h; path = SLKInputAccessoryView.h; sourceTree = "<group>"; };
		38160A2C1AB50F95005504AD /* SLKTextView+SLKAdditions.m */ = {isa = PBXFileReference; fileEncoding = 4; lastKnownFileType = sourcecode.c.objc; path = "SLKTextView+SLKAdditions.m"; sourceTree = "<group>"; };
		38160A2D1AB50F95005504AD /* UIView+SLKAdditions.m */ = {isa = PBXFileReference; fileEncoding = 4; lastKnownFileType = sourcecode.c.objc; path = "UIView+SLKAdditions.m"; sourceTree = "<group>"; };
		38160A2E1AB50F95005504AD /* UIView+SLKAdditions.h */ = {isa = PBXFileReference; fileEncoding = 4; lastKnownFileType = sourcecode.c.h; path = "UIView+SLKAdditions.h"; sourceTree = "<group>"; };
		38160A2F1AB50F95005504AD /* SLKUIConstants.h */ = {isa = PBXFileReference; fileEncoding = 4; lastKnownFileType = sourcecode.c.h; path = SLKUIConstants.h; sourceTree = "<group>"; };
		38160A301AB50F95005504AD /* SLKTextView+SLKAdditions.h */ = {isa = PBXFileReference; fileEncoding = 4; lastKnownFileType = sourcecode.c.h; path = "SLKTextView+SLKAdditions.h"; sourceTree = "<group>"; };
		38160A311AB50F95005504AD /* UIScrollView+SLKAdditions.m */ = {isa = PBXFileReference; fileEncoding = 4; lastKnownFileType = sourcecode.c.objc; path = "UIScrollView+SLKAdditions.m"; sourceTree = "<group>"; };
		38160A321AB50F95005504AD /* UIScrollView+SLKAdditions.h */ = {isa = PBXFileReference; fileEncoding = 4; lastKnownFileType = sourcecode.c.h; path = "UIScrollView+SLKAdditions.h"; sourceTree = "<group>"; };
		38160A361AB51E1F005504AD /* SPCommentsViewController.swift */ = {isa = PBXFileReference; fileEncoding = 4; lastKnownFileType = sourcecode.swift; path = SPCommentsViewController.swift; sourceTree = "<group>"; };
		381B47671ABE546F00E5405B /* SPProfileNotificationsTableViewCell.swift */ = {isa = PBXFileReference; fileEncoding = 4; lastKnownFileType = sourcecode.swift; path = SPProfileNotificationsTableViewCell.swift; sourceTree = "<group>"; };
		381B47681ABE546F00E5405B /* SPProfileNotificationsTableViewCell.xib */ = {isa = PBXFileReference; fileEncoding = 4; lastKnownFileType = file.xib; path = SPProfileNotificationsTableViewCell.xib; sourceTree = "<group>"; };
		3845F7DB1A560A5800191BDA /* Stylpic.app */ = {isa = PBXFileReference; explicitFileType = wrapper.application; includeInIndex = 0; path = Stylpic.app; sourceTree = BUILT_PRODUCTS_DIR; };
		3845F7DF1A560A5800191BDA /* Info.plist */ = {isa = PBXFileReference; lastKnownFileType = text.plist.xml; path = Info.plist; sourceTree = "<group>"; };
		3845F7E01A560A5800191BDA /* AppDelegate.swift */ = {isa = PBXFileReference; lastKnownFileType = sourcecode.swift; path = AppDelegate.swift; sourceTree = "<group>"; };
		3845F7E71A560A5800191BDA /* Base */ = {isa = PBXFileReference; lastKnownFileType = file.storyboard; name = Base; path = Base.lproj/Main.storyboard; sourceTree = "<group>"; };
		3845F7F21A560A5800191BDA /* StylpicTests.xctest */ = {isa = PBXFileReference; explicitFileType = wrapper.cfbundle; includeInIndex = 0; path = StylpicTests.xctest; sourceTree = BUILT_PRODUCTS_DIR; };
		3845F7F71A560A5800191BDA /* Info.plist */ = {isa = PBXFileReference; lastKnownFileType = text.plist.xml; path = Info.plist; sourceTree = "<group>"; };
		3845F7F81A560A5800191BDA /* StylpicTests.swift */ = {isa = PBXFileReference; lastKnownFileType = sourcecode.swift; path = StylpicTests.swift; sourceTree = "<group>"; };
		3845F8021A560A8800191BDA /* Bolts.framework */ = {isa = PBXFileReference; lastKnownFileType = wrapper.framework; path = Bolts.framework; sourceTree = "<group>"; };
		3845F8031A560A8800191BDA /* Parse.framework */ = {isa = PBXFileReference; lastKnownFileType = wrapper.framework; path = Parse.framework; sourceTree = "<group>"; };
		3845F8041A560A8800191BDA /* ParseCrashReporting.framework */ = {isa = PBXFileReference; lastKnownFileType = wrapper.framework; path = ParseCrashReporting.framework; sourceTree = "<group>"; };
		3845F8051A560A8800191BDA /* ParseFacebookUtils.framework */ = {isa = PBXFileReference; lastKnownFileType = wrapper.framework; path = ParseFacebookUtils.framework; sourceTree = "<group>"; };
		3845F8061A560A8800191BDA /* ParseUI.framework */ = {isa = PBXFileReference; lastKnownFileType = wrapper.framework; path = ParseUI.framework; sourceTree = "<group>"; };
		3845F80D1A560ADD00191BDA /* Accounts.framework */ = {isa = PBXFileReference; lastKnownFileType = wrapper.framework; name = Accounts.framework; path = System/Library/Frameworks/Accounts.framework; sourceTree = SDKROOT; };
		3845F80F1A560AE700191BDA /* AudioToolbox.framework */ = {isa = PBXFileReference; lastKnownFileType = wrapper.framework; name = AudioToolbox.framework; path = System/Library/Frameworks/AudioToolbox.framework; sourceTree = SDKROOT; };
		3845F8111A560AF300191BDA /* CFNetwork.framework */ = {isa = PBXFileReference; lastKnownFileType = wrapper.framework; name = CFNetwork.framework; path = System/Library/Frameworks/CFNetwork.framework; sourceTree = SDKROOT; };
		3863A6FC1A7F6D1800AFE938 /* OpenSans-Semibold.ttf */ = {isa = PBXFileReference; lastKnownFileType = file; path = "OpenSans-Semibold.ttf"; sourceTree = "<group>"; };
		3863A6FD1A7F6D1800AFE938 /* OpenSans-Regular.ttf */ = {isa = PBXFileReference; lastKnownFileType = file; path = "OpenSans-Regular.ttf"; sourceTree = "<group>"; };
		3863A6FE1A7F6D1800AFE938 /* OpenSans-Light.ttf */ = {isa = PBXFileReference; lastKnownFileType = file; path = "OpenSans-Light.ttf"; sourceTree = "<group>"; };
		3863A6FF1A7F6D1800AFE938 /* OpenSans-Bold.ttf */ = {isa = PBXFileReference; lastKnownFileType = file; path = "OpenSans-Bold.ttf"; sourceTree = "<group>"; };
		386B7A801AA82ECD00115147 /* SPClosetDetailViewController.swift */ = {isa = PBXFileReference; fileEncoding = 4; lastKnownFileType = sourcecode.swift; path = SPClosetDetailViewController.swift; sourceTree = "<group>"; };
		386B7A811AA82ECD00115147 /* SPClosetDetailViewController.xib */ = {isa = PBXFileReference; fileEncoding = 4; lastKnownFileType = file.xib; path = SPClosetDetailViewController.xib; sourceTree = "<group>"; };
		386B7A841AA8361F00115147 /* TTTTimeIntervalFormatter.h */ = {isa = PBXFileReference; fileEncoding = 4; lastKnownFileType = sourcecode.c.h; path = TTTTimeIntervalFormatter.h; sourceTree = "<group>"; };
		386B7A851AA8361F00115147 /* TTTTimeIntervalFormatter.m */ = {isa = PBXFileReference; fileEncoding = 4; lastKnownFileType = sourcecode.c.objc; path = TTTTimeIntervalFormatter.m; sourceTree = "<group>"; };
		387463661AA3FA1C002E0565 /* SPManager.swift */ = {isa = PBXFileReference; fileEncoding = 4; lastKnownFileType = sourcecode.swift; path = SPManager.swift; sourceTree = "<group>"; };
		3874636F1AA40465002E0565 /* SPFeedItem.swift */ = {isa = PBXFileReference; fileEncoding = 4; lastKnownFileType = sourcecode.swift; path = SPFeedItem.swift; sourceTree = "<group>"; };
		387463731AA418AC002E0565 /* SPProfileInfo.swift */ = {isa = PBXFileReference; fileEncoding = 4; lastKnownFileType = sourcecode.swift; path = SPProfileInfo.swift; sourceTree = "<group>"; };
		387463751AA418BA002E0565 /* SPPhotosComments.swift */ = {isa = PBXFileReference; fileEncoding = 4; lastKnownFileType = sourcecode.swift; path = SPPhotosComments.swift; sourceTree = "<group>"; };
		389A56E81A564B4E00EB0EFD /* SPFeedViewTableViewCell.swift */ = {isa = PBXFileReference; fileEncoding = 4; lastKnownFileType = sourcecode.swift; path = SPFeedViewTableViewCell.swift; sourceTree = "<group>"; };
		389A56EA1A564BAC00EB0EFD /* SPBaseTableViewController.swift */ = {isa = PBXFileReference; fileEncoding = 4; lastKnownFileType = sourcecode.swift; path = SPBaseTableViewController.swift; sourceTree = "<group>"; };
		389A56F11A57275E00EB0EFD /* FacebookSDK.framework */ = {isa = PBXFileReference; lastKnownFileType = wrapper.framework; name = FacebookSDK.framework; path = ../../../../FacebookSDK/FacebookSDK.framework; sourceTree = "<group>"; };
		389A56F41A5727C500EB0EFD /* Stylpic-Bridging-Header.h */ = {isa = PBXFileReference; lastKnownFileType = sourcecode.c.h; path = "Stylpic-Bridging-Header.h"; sourceTree = "<group>"; };
		389A56F81A57405500EB0EFD /* SPLoginViewController.swift */ = {isa = PBXFileReference; fileEncoding = 4; lastKnownFileType = sourcecode.swift; path = SPLoginViewController.swift; sourceTree = "<group>"; };
		38AA7BF41A883E6600A75FB7 /* SPFeedDetailViewController.swift */ = {isa = PBXFileReference; fileEncoding = 4; lastKnownFileType = sourcecode.swift; path = SPFeedDetailViewController.swift; sourceTree = "<group>"; };
		38AA7BF51A883E6600A75FB7 /* SPFeedDetailViewController.xib */ = {isa = PBXFileReference; fileEncoding = 4; lastKnownFileType = file.xib; path = SPFeedDetailViewController.xib; sourceTree = "<group>"; };
		38AA7BF81A88423800A75FB7 /* SPFeedDetailPictureTableViewCell.swift */ = {isa = PBXFileReference; fileEncoding = 4; lastKnownFileType = sourcecode.swift; path = SPFeedDetailPictureTableViewCell.swift; sourceTree = "<group>"; };
		38AA7BF91A88423800A75FB7 /* SPFeedDetailPictureTableViewCell.xib */ = {isa = PBXFileReference; fileEncoding = 4; lastKnownFileType = file.xib; path = SPFeedDetailPictureTableViewCell.xib; sourceTree = "<group>"; };
		38AA7BFC1A88425300A75FB7 /* SPFeedDetailCommentTableViewCell.swift */ = {isa = PBXFileReference; fileEncoding = 4; lastKnownFileType = sourcecode.swift; path = SPFeedDetailCommentTableViewCell.swift; sourceTree = "<group>"; };
		38AA7BFD1A88425300A75FB7 /* SPFeedDetailCommentTableViewCell.xib */ = {isa = PBXFileReference; fileEncoding = 4; lastKnownFileType = file.xib; path = SPFeedDetailCommentTableViewCell.xib; sourceTree = "<group>"; };
		38AA7C001A88A42B00A75FB7 /* SPBaseTableViewCell.swift */ = {isa = PBXFileReference; fileEncoding = 4; lastKnownFileType = sourcecode.swift; path = SPBaseTableViewCell.swift; sourceTree = "<group>"; };
		38AC45141AA8212700199935 /* SPClosetCollectionViewCell.swift */ = {isa = PBXFileReference; fileEncoding = 4; lastKnownFileType = sourcecode.swift; path = SPClosetCollectionViewCell.swift; sourceTree = "<group>"; };
		38AC45151AA8212700199935 /* SPClosetCollectionViewCell.xib */ = {isa = PBXFileReference; fileEncoding = 4; lastKnownFileType = file.xib; path = SPClosetCollectionViewCell.xib; sourceTree = "<group>"; };
		38BB444A1A63B7E2004CD444 /* SPEditPhotoViewController.swift */ = {isa = PBXFileReference; fileEncoding = 4; lastKnownFileType = sourcecode.swift; path = SPEditPhotoViewController.swift; sourceTree = "<group>"; };
		38BB444E1A63C077004CD444 /* SPEditPhotoViewController.xib */ = {isa = PBXFileReference; fileEncoding = 4; lastKnownFileType = file.xib; path = SPEditPhotoViewController.xib; sourceTree = "<group>"; };
		38BB44501A66313C004CD444 /* SPExploreTableViewController.swift */ = {isa = PBXFileReference; fileEncoding = 4; lastKnownFileType = sourcecode.swift; path = SPExploreTableViewController.swift; sourceTree = "<group>"; };
		38BB44551A663174004CD444 /* SPProfileViewController.swift */ = {isa = PBXFileReference; fileEncoding = 4; lastKnownFileType = sourcecode.swift; path = SPProfileViewController.swift; sourceTree = "<group>"; };
		38BB44581A66318C004CD444 /* SPClosetViewController.swift */ = {isa = PBXFileReference; fileEncoding = 4; lastKnownFileType = sourcecode.swift; path = SPClosetViewController.swift; sourceTree = "<group>"; };
		38CD69691AD231140003F8A4 /* SPLikeCommentButtonView.swift */ = {isa = PBXFileReference; fileEncoding = 4; lastKnownFileType = sourcecode.swift; path = SPLikeCommentButtonView.swift; sourceTree = "<group>"; };
		38CD696B1AD231210003F8A4 /* SPLikeCommentButtonView.xib */ = {isa = PBXFileReference; fileEncoding = 4; lastKnownFileType = file.xib; path = SPLikeCommentButtonView.xib; sourceTree = "<group>"; };
		38E7F82E1AA6DA160084D8F0 /* SPPhotosQueryTableViewController.swift */ = {isa = PBXFileReference; fileEncoding = 4; lastKnownFileType = sourcecode.swift; path = SPPhotosQueryTableViewController.swift; sourceTree = "<group>"; };
		38E7F8301AA6E9160084D8F0 /* SPFeedViewTableViewCell.xib */ = {isa = PBXFileReference; fileEncoding = 4; lastKnownFileType = file.xib; path = SPFeedViewTableViewCell.xib; sourceTree = "<group>"; };
		38EAD45F1AB63BBB00A6FD81 /* SPProfileToolBarView.xib */ = {isa = PBXFileReference; fileEncoding = 4; lastKnownFileType = file.xib; path = SPProfileToolBarView.xib; sourceTree = "<group>"; };
		38EAD4611AB63BCA00A6FD81 /* SPProfileToolBarView.swift */ = {isa = PBXFileReference; fileEncoding = 4; lastKnownFileType = sourcecode.swift; path = SPProfileToolBarView.swift; sourceTree = "<group>"; };
		38EAD4631AB63DE700A6FD81 /* SPProfileHeaderView.swift */ = {isa = PBXFileReference; fileEncoding = 4; lastKnownFileType = sourcecode.swift; path = SPProfileHeaderView.swift; sourceTree = "<group>"; };
		38EAD4651AB63DF000A6FD81 /* SPProfileHeaderView.xib */ = {isa = PBXFileReference; fileEncoding = 4; lastKnownFileType = file.xib; path = SPProfileHeaderView.xib; sourceTree = "<group>"; };
		38EAD4671AB651A500A6FD81 /* UIView+Borders.m */ = {isa = PBXFileReference; fileEncoding = 4; lastKnownFileType = sourcecode.c.objc; path = "UIView+Borders.m"; sourceTree = "<group>"; };
		38EAD4681AB651A500A6FD81 /* UIView+Borders.h */ = {isa = PBXFileReference; fileEncoding = 4; lastKnownFileType = sourcecode.c.h; path = "UIView+Borders.h"; sourceTree = "<group>"; };
		38EAD46B1AB66D8F00A6FD81 /* SPProfilePostTableViewCell.swift */ = {isa = PBXFileReference; fileEncoding = 4; lastKnownFileType = sourcecode.swift; path = SPProfilePostTableViewCell.swift; sourceTree = "<group>"; };
		38EAD46C1AB66D8F00A6FD81 /* SPProfilePostTableViewCell.xib */ = {isa = PBXFileReference; fileEncoding = 4; lastKnownFileType = file.xib; path = SPProfilePostTableViewCell.xib; sourceTree = "<group>"; };
		38F87B3A1AD20D1800180602 /* SPFeedDetailCollaborationTableViewCell.swift */ = {isa = PBXFileReference; fileEncoding = 4; lastKnownFileType = sourcecode.swift; path = SPFeedDetailCollaborationTableViewCell.swift; sourceTree = "<group>"; };
		38F87B3B1AD20D1800180602 /* SPFeedDetailCollaborationTableViewCell.xib */ = {isa = PBXFileReference; fileEncoding = 4; lastKnownFileType = file.xib; path = SPFeedDetailCollaborationTableViewCell.xib; sourceTree = "<group>"; };
		38F87B3E1AD20E9100180602 /* SPCommentsSmallTableViewCell.swift */ = {isa = PBXFileReference; fileEncoding = 4; lastKnownFileType = sourcecode.swift; path = SPCommentsSmallTableViewCell.swift; sourceTree = "<group>"; };
		38F87B3F1AD20E9100180602 /* SPCommentsSmallTableViewCell.xib */ = {isa = PBXFileReference; fileEncoding = 4; lastKnownFileType = file.xib; path = SPCommentsSmallTableViewCell.xib; sourceTree = "<group>"; };
		38F87B431AD210AB00180602 /* TTTAttributedLabel.h */ = {isa = PBXFileReference; fileEncoding = 4; lastKnownFileType = sourcecode.c.h; path = TTTAttributedLabel.h; sourceTree = "<group>"; };
		38F87B441AD210AB00180602 /* TTTAttributedLabel.m */ = {isa = PBXFileReference; fileEncoding = 4; lastKnownFileType = sourcecode.c.objc; path = TTTAttributedLabel.m; sourceTree = "<group>"; };
		481756011A99554D0004E1C8 /* FacebookSDK.framework */ = {isa = PBXFileReference; lastKnownFileType = wrapper.framework; path = FacebookSDK.framework; sourceTree = "<group>"; };
		483097C11ABF8A470076331C /* SPPhotoPair.h */ = {isa = PBXFileReference; fileEncoding = 4; lastKnownFileType = sourcecode.c.h; path = SPPhotoPair.h; sourceTree = "<group>"; };
		483097C21ABF8A470076331C /* SPPhotoPair.m */ = {isa = PBXFileReference; fileEncoding = 4; lastKnownFileType = sourcecode.c.objc; path = SPPhotoPair.m; sourceTree = "<group>"; };
		483097C41ABF8B990076331C /* SPUser.h */ = {isa = PBXFileReference; fileEncoding = 4; lastKnownFileType = sourcecode.c.h; path = SPUser.h; sourceTree = "<group>"; };
		483097C51ABF8B990076331C /* SPUser.m */ = {isa = PBXFileReference; fileEncoding = 4; lastKnownFileType = sourcecode.c.objc; path = SPUser.m; sourceTree = "<group>"; };
		483097C71ABF8DDB0076331C /* SPActivity.h */ = {isa = PBXFileReference; fileEncoding = 4; lastKnownFileType = sourcecode.c.h; path = SPActivity.h; sourceTree = "<group>"; };
		483097C81ABF8DDB0076331C /* SPActivity.m */ = {isa = PBXFileReference; fileEncoding = 4; lastKnownFileType = sourcecode.c.objc; path = SPActivity.m; sourceTree = "<group>"; };
		483097CA1ABF93780076331C /* Constants.swift */ = {isa = PBXFileReference; fileEncoding = 4; lastKnownFileType = sourcecode.swift; path = Constants.swift; sourceTree = "<group>"; };
		4842AA331ADB56190013C726 /* SPInviteFriendsTableViewController.swift */ = {isa = PBXFileReference; fileEncoding = 4; lastKnownFileType = sourcecode.swift; path = SPInviteFriendsTableViewController.swift; sourceTree = "<group>"; };
		484770B71AD9DC2F007045E5 /* Images.xcassets */ = {isa = PBXFileReference; lastKnownFileType = folder.assetcatalog; path = Images.xcassets; sourceTree = "<group>"; };
		4854A9CF1A9AC79500164CD0 /* SPCameraOverlay.xib */ = {isa = PBXFileReference; fileEncoding = 4; lastKnownFileType = file.xib; path = SPCameraOverlay.xib; sourceTree = "<group>"; };
		4854A9D11A9AC7E800164CD0 /* SPCameraOverlay.swift */ = {isa = PBXFileReference; fileEncoding = 4; lastKnownFileType = sourcecode.swift; path = SPCameraOverlay.swift; sourceTree = "<group>"; };
		4877E1101AA3E6D1006587CE /* Social.framework */ = {isa = PBXFileReference; lastKnownFileType = wrapper.framework; name = Social.framework; path = System/Library/Frameworks/Social.framework; sourceTree = SDKROOT; };
		48B4BC901A9AA83300B06E41 /* SPPostViewController.swift */ = {isa = PBXFileReference; fileEncoding = 4; lastKnownFileType = sourcecode.swift; path = SPPostViewController.swift; sourceTree = "<group>"; };
		48BCBACA1AD0939D001A60AB /* SPPhoto.h */ = {isa = PBXFileReference; fileEncoding = 4; lastKnownFileType = sourcecode.c.h; path = SPPhoto.h; sourceTree = "<group>"; };
		48BCBACB1AD0939D001A60AB /* SPPhoto.m */ = {isa = PBXFileReference; fileEncoding = 4; lastKnownFileType = sourcecode.c.objc; path = SPPhoto.m; sourceTree = "<group>"; };
		48BCBACD1AD09448001A60AB /* SPClosetPhoto.h */ = {isa = PBXFileReference; fileEncoding = 4; lastKnownFileType = sourcecode.c.h; path = SPClosetPhoto.h; sourceTree = "<group>"; };
		48BCBACE1AD09448001A60AB /* SPClosetPhoto.m */ = {isa = PBXFileReference; fileEncoding = 4; lastKnownFileType = sourcecode.c.objc; path = SPClosetPhoto.m; sourceTree = "<group>"; };
		48D5C7201AC3C79B00D3EBA9 /* SPFeedTableViewController.swift */ = {isa = PBXFileReference; fileEncoding = 4; lastKnownFileType = sourcecode.swift; path = SPFeedTableViewController.swift; sourceTree = "<group>"; };
		EC3B4BC61ABBC28200E76121 /* SPProfileFollowTableViewCell.swift */ = {isa = PBXFileReference; fileEncoding = 4; lastKnownFileType = sourcecode.swift; path = SPProfileFollowTableViewCell.swift; sourceTree = "<group>"; };
		EC3B4BC71ABBC28200E76121 /* SPProfileFollowTableViewCell.xib */ = {isa = PBXFileReference; fileEncoding = 4; lastKnownFileType = file.xib; path = SPProfileFollowTableViewCell.xib; sourceTree = "<group>"; };
		EC3B4BCA1ABBDDF500E76121 /* SPBaseFeedViewTableViewCell.swift */ = {isa = PBXFileReference; fileEncoding = 4; lastKnownFileType = sourcecode.swift; path = SPBaseFeedViewTableViewCell.swift; sourceTree = "<group>"; };
		ECB2C2301A560DC30009FD11 /* CoreGraphics.framework */ = {isa = PBXFileReference; lastKnownFileType = wrapper.framework; name = CoreGraphics.framework; path = System/Library/Frameworks/CoreGraphics.framework; sourceTree = SDKROOT; };
		ECB2C2321A560DFF0009FD11 /* CoreLocation.framework */ = {isa = PBXFileReference; lastKnownFileType = wrapper.framework; name = CoreLocation.framework; path = System/Library/Frameworks/CoreLocation.framework; sourceTree = SDKROOT; };
		ECB2C2341A560E350009FD11 /* libsqlite3.dylib */ = {isa = PBXFileReference; lastKnownFileType = "compiled.mach-o.dylib"; name = libsqlite3.dylib; path = usr/lib/libsqlite3.dylib; sourceTree = SDKROOT; };
		ECB2C2351A560E350009FD11 /* libz.dylib */ = {isa = PBXFileReference; lastKnownFileType = "compiled.mach-o.dylib"; name = libz.dylib; path = usr/lib/libz.dylib; sourceTree = SDKROOT; };
		ECB2C2361A560E350009FD11 /* MobileCoreServices.framework */ = {isa = PBXFileReference; lastKnownFileType = wrapper.framework; name = MobileCoreServices.framework; path = System/Library/Frameworks/MobileCoreServices.framework; sourceTree = SDKROOT; };
		ECB2C2371A560E350009FD11 /* QuartzCore.framework */ = {isa = PBXFileReference; lastKnownFileType = wrapper.framework; name = QuartzCore.framework; path = System/Library/Frameworks/QuartzCore.framework; sourceTree = SDKROOT; };
		ECB2C2381A560E350009FD11 /* Security.framework */ = {isa = PBXFileReference; lastKnownFileType = wrapper.framework; name = Security.framework; path = System/Library/Frameworks/Security.framework; sourceTree = SDKROOT; };
		ECB2C2391A560E350009FD11 /* StoreKit.framework */ = {isa = PBXFileReference; lastKnownFileType = wrapper.framework; name = StoreKit.framework; path = System/Library/Frameworks/StoreKit.framework; sourceTree = SDKROOT; };
		ECB2C23A1A560E350009FD11 /* SystemConfiguration.framework */ = {isa = PBXFileReference; lastKnownFileType = wrapper.framework; name = SystemConfiguration.framework; path = System/Library/Frameworks/SystemConfiguration.framework; sourceTree = SDKROOT; };
/* End PBXFileReference section */

/* Begin PBXFrameworksBuildPhase section */
		3845F7D81A560A5800191BDA /* Frameworks */ = {
			isa = PBXFrameworksBuildPhase;
			buildActionMask = 2147483647;
			files = (
				4877E1111AA3E6D1006587CE /* Social.framework in Frameworks */,
				389A56F31A57277800EB0EFD /* FacebookSDK.framework in Frameworks */,
				481756021A99554D0004E1C8 /* FacebookSDK.framework in Frameworks */,
				ECB2C23B1A560E350009FD11 /* libsqlite3.dylib in Frameworks */,
				ECB2C23C1A560E350009FD11 /* libz.dylib in Frameworks */,
				ECB2C23D1A560E350009FD11 /* MobileCoreServices.framework in Frameworks */,
				ECB2C23E1A560E350009FD11 /* QuartzCore.framework in Frameworks */,
				ECB2C23F1A560E350009FD11 /* Security.framework in Frameworks */,
				ECB2C2401A560E350009FD11 /* StoreKit.framework in Frameworks */,
				ECB2C2411A560E350009FD11 /* SystemConfiguration.framework in Frameworks */,
				ECB2C2331A560DFF0009FD11 /* CoreLocation.framework in Frameworks */,
				ECB2C2311A560DC30009FD11 /* CoreGraphics.framework in Frameworks */,
				3845F8121A560AF300191BDA /* CFNetwork.framework in Frameworks */,
				3845F8101A560AE700191BDA /* AudioToolbox.framework in Frameworks */,
				3845F80E1A560ADD00191BDA /* Accounts.framework in Frameworks */,
				3845F8081A560A8800191BDA /* Parse.framework in Frameworks */,
				3845F8091A560A8800191BDA /* ParseCrashReporting.framework in Frameworks */,
				3845F80B1A560A8800191BDA /* ParseUI.framework in Frameworks */,
				3845F80A1A560A8800191BDA /* ParseFacebookUtils.framework in Frameworks */,
				3845F8071A560A8800191BDA /* Bolts.framework in Frameworks */,
			);
			runOnlyForDeploymentPostprocessing = 0;
		};
		3845F7EF1A560A5800191BDA /* Frameworks */ = {
			isa = PBXFrameworksBuildPhase;
			buildActionMask = 2147483647;
			files = (
			);
			runOnlyForDeploymentPostprocessing = 0;
		};
/* End PBXFrameworksBuildPhase section */

/* Begin PBXGroup section */
		3806710C1AD9F20C0074E4FE /* SPComment */ = {
			isa = PBXGroup;
			children = (
				38160A361AB51E1F005504AD /* SPCommentsViewController.swift */,
				38AA7BFC1A88425300A75FB7 /* SPFeedDetailCommentTableViewCell.swift */,
				38AA7BFD1A88425300A75FB7 /* SPFeedDetailCommentTableViewCell.xib */,
			);
			name = SPComment;
			sourceTree = "<group>";
		};
		3806710D1AD9F2A90074E4FE /* SPFeedDetailTableViewCells */ = {
			isa = PBXGroup;
			children = (
				38AA7BF81A88423800A75FB7 /* SPFeedDetailPictureTableViewCell.swift */,
				38AA7BF91A88423800A75FB7 /* SPFeedDetailPictureTableViewCell.xib */,
				38F87B3E1AD20E9100180602 /* SPCommentsSmallTableViewCell.swift */,
				38F87B3F1AD20E9100180602 /* SPCommentsSmallTableViewCell.xib */,
				38F87B3A1AD20D1800180602 /* SPFeedDetailCollaborationTableViewCell.swift */,
				38F87B3B1AD20D1800180602 /* SPFeedDetailCollaborationTableViewCell.xib */,
				38CD69691AD231140003F8A4 /* SPLikeCommentButtonView.swift */,
				38CD696B1AD231210003F8A4 /* SPLikeCommentButtonView.xib */,
			);
			name = SPFeedDetailTableViewCells;
			sourceTree = "<group>";
		};
		380671121AD9F3010074E4FE /* SPLikes */ = {
			isa = PBXGroup;
			children = (
				3806710E1AD9F2FB0074E4FE /* SPLikesViewController.swift */,
				3806710F1AD9F2FB0074E4FE /* SPLikesViewController.xib */,
				380671131AD9F7B10074E4FE /* SPLikesTableViewCell.swift */,
				380671141AD9F7B10074E4FE /* SPLikesTableViewCell.xib */,
			);
			name = SPLikes;
			sourceTree = "<group>";
		};
		3811EA8E1AD09D2B00F234AF /* UIImage+BackgroundImage */ = {
			isa = PBXGroup;
			children = (
				3811EA8B1AD09D2700F234AF /* UIImage+BackgroundImage.h */,
				3811EA8C1AD09D2700F234AF /* UIImage+BackgroundImage.m */,
			);
			name = "UIImage+BackgroundImage";
			sourceTree = "<group>";
		};
		38160A1A1AB508DC005504AD /* Third Party Libraries */ = {
			isa = PBXGroup;
			children = (
				38F87B421AD210AB00180602 /* TTTAttributedLabel */,
				38EAD46A1AB651AA00A6FD81 /* UIVIew+Borders */,
				38160A2B1AB50F38005504AD /* SlackInputAccessoryView */,
				38160A1B1AB50F27005504AD /* TTTimeFormatter */,
				3811EA8E1AD09D2B00F234AF /* UIImage+BackgroundImage */,
			);
			name = "Third Party Libraries";
			sourceTree = "<group>";
		};
		38160A1B1AB50F27005504AD /* TTTimeFormatter */ = {
			isa = PBXGroup;
			children = (
				386B7A841AA8361F00115147 /* TTTTimeIntervalFormatter.h */,
				386B7A851AA8361F00115147 /* TTTTimeIntervalFormatter.m */,
			);
			name = TTTimeFormatter;
			sourceTree = "<group>";
		};
		38160A2B1AB50F38005504AD /* SlackInputAccessoryView */ = {
			isa = PBXGroup;
			children = (
				38160A2C1AB50F95005504AD /* SLKTextView+SLKAdditions.m */,
				38160A2D1AB50F95005504AD /* UIView+SLKAdditions.m */,
				38160A2E1AB50F95005504AD /* UIView+SLKAdditions.h */,
				38160A2F1AB50F95005504AD /* SLKUIConstants.h */,
				38160A301AB50F95005504AD /* SLKTextView+SLKAdditions.h */,
				38160A311AB50F95005504AD /* UIScrollView+SLKAdditions.m */,
				38160A321AB50F95005504AD /* UIScrollView+SLKAdditions.h */,
				38160A1C1AB50F34005504AD /* SLKTextViewController.m */,
				38160A1D1AB50F34005504AD /* SLKTextView.m */,
				38160A1E1AB50F34005504AD /* SLKTextInputbar.m */,
				38160A1F1AB50F34005504AD /* SLKTextViewController.h */,
				38160A201AB50F34005504AD /* SLKTypingIndicatorView.m */,
				38160A211AB50F34005504AD /* SLKTextView.h */,
				38160A221AB50F34005504AD /* SLKTextInputbar.h */,
				38160A231AB50F34005504AD /* SLKInputAccessoryView.m */,
				38160A241AB50F34005504AD /* SLKTypingIndicatorView.h */,
				38160A251AB50F34005504AD /* SLKInputAccessoryView.h */,
			);
			name = SlackInputAccessoryView;
			sourceTree = "<group>";
		};
		3845F7D21A560A5800191BDA = {
			isa = PBXGroup;
			children = (
				3845F80C1A560A9000191BDA /* Frameworks */,
				3845F7DD1A560A5800191BDA /* Stylpic */,
				3845F7F51A560A5800191BDA /* StylpicTests */,
				3845F7DC1A560A5800191BDA /* Products */,
			);
			sourceTree = "<group>";
		};
		3845F7DC1A560A5800191BDA /* Products */ = {
			isa = PBXGroup;
			children = (
				3845F7DB1A560A5800191BDA /* Stylpic.app */,
				3845F7F21A560A5800191BDA /* StylpicTests.xctest */,
			);
			name = Products;
			sourceTree = "<group>";
		};
		3845F7DD1A560A5800191BDA /* Stylpic */ = {
			isa = PBXGroup;
			children = (
				484770B71AD9DC2F007045E5 /* Images.xcassets */,
				3845F7E61A560A5800191BDA /* Main.storyboard */,
				387463681AA3FA5B002E0565 /* BLL */,
				385BF6BC1A7F5C37003F9790 /* SPModels */,
				38BB44541A663160004CD444 /* SPLogin */,
				389A56EC1A564BB100EB0EFD /* SPFeed */,
				38BB44521A663143004CD444 /* SPExplore */,
				38BB44531A663155004CD444 /* SPCamera */,
				38BB44571A66317E004CD444 /* SPProfile */,
				38BB445A1A6631B8004CD444 /* SPCloset */,
				3811EA891AD0967300F234AF /* SPTabBarController.swift */,
				380671121AD9F3010074E4FE /* SPLikes */,
				3806710C1AD9F20C0074E4FE /* SPComment */,
				3863A7001A7F6D1C00AFE938 /* CustomFonts */,
				38160A1A1AB508DC005504AD /* Third Party Libraries */,
				3845F7DE1A560A5800191BDA /* Supporting Files */,
				389A56F41A5727C500EB0EFD /* Stylpic-Bridging-Header.h */,
			);
			path = Stylpic;
			sourceTree = "<group>";
		};
		3845F7DE1A560A5800191BDA /* Supporting Files */ = {
			isa = PBXGroup;
			children = (
				3845F7E01A560A5800191BDA /* AppDelegate.swift */,
				3845F7DF1A560A5800191BDA /* Info.plist */,
			);
			name = "Supporting Files";
			sourceTree = "<group>";
		};
		3845F7F51A560A5800191BDA /* StylpicTests */ = {
			isa = PBXGroup;
			children = (
				3845F7F81A560A5800191BDA /* StylpicTests.swift */,
				3845F7F61A560A5800191BDA /* Supporting Files */,
			);
			path = StylpicTests;
			sourceTree = "<group>";
		};
		3845F7F61A560A5800191BDA /* Supporting Files */ = {
			isa = PBXGroup;
			children = (
				3845F7F71A560A5800191BDA /* Info.plist */,
			);
			name = "Supporting Files";
			sourceTree = "<group>";
		};
		3845F80C1A560A9000191BDA /* Frameworks */ = {
			isa = PBXGroup;
			children = (
				4877E1101AA3E6D1006587CE /* Social.framework */,
				ECB2C2341A560E350009FD11 /* libsqlite3.dylib */,
				ECB2C2351A560E350009FD11 /* libz.dylib */,
				389A56F11A57275E00EB0EFD /* FacebookSDK.framework */,
				481756011A99554D0004E1C8 /* FacebookSDK.framework */,
				ECB2C2361A560E350009FD11 /* MobileCoreServices.framework */,
				ECB2C2371A560E350009FD11 /* QuartzCore.framework */,
				ECB2C2381A560E350009FD11 /* Security.framework */,
				ECB2C2391A560E350009FD11 /* StoreKit.framework */,
				ECB2C23A1A560E350009FD11 /* SystemConfiguration.framework */,
				ECB2C2321A560DFF0009FD11 /* CoreLocation.framework */,
				ECB2C2301A560DC30009FD11 /* CoreGraphics.framework */,
				3845F8111A560AF300191BDA /* CFNetwork.framework */,
				3845F80F1A560AE700191BDA /* AudioToolbox.framework */,
				3845F80D1A560ADD00191BDA /* Accounts.framework */,
				3845F8021A560A8800191BDA /* Bolts.framework */,
				3845F8031A560A8800191BDA /* Parse.framework */,
				3845F8041A560A8800191BDA /* ParseCrashReporting.framework */,
				3845F8051A560A8800191BDA /* ParseFacebookUtils.framework */,
				3845F8061A560A8800191BDA /* ParseUI.framework */,
			);
			name = Frameworks;
			path = Stylpic;
			sourceTree = "<group>";
		};
		385BF6BC1A7F5C37003F9790 /* SPModels */ = {
			isa = PBXGroup;
			children = (
				387463711AA412EE002E0565 /* SPParse */,
				387463721AA412FA002E0565 /* SPViewModels */,
			);
			name = SPModels;
			sourceTree = "<group>";
		};
		3863A7001A7F6D1C00AFE938 /* CustomFonts */ = {
			isa = PBXGroup;
			children = (
				3863A6FC1A7F6D1800AFE938 /* OpenSans-Semibold.ttf */,
				3863A6FD1A7F6D1800AFE938 /* OpenSans-Regular.ttf */,
				3863A6FE1A7F6D1800AFE938 /* OpenSans-Light.ttf */,
				3863A6FF1A7F6D1800AFE938 /* OpenSans-Bold.ttf */,
			);
			name = CustomFonts;
			sourceTree = "<group>";
		};
		387463681AA3FA5B002E0565 /* BLL */ = {
			isa = PBXGroup;
			children = (
				387463661AA3FA1C002E0565 /* SPManager.swift */,
				483097CA1ABF93780076331C /* Constants.swift */,
			);
			name = BLL;
			sourceTree = "<group>";
		};
		387463711AA412EE002E0565 /* SPParse */ = {
			isa = PBXGroup;
			children = (
				483097C11ABF8A470076331C /* SPPhotoPair.h */,
				483097C21ABF8A470076331C /* SPPhotoPair.m */,
				483097C41ABF8B990076331C /* SPUser.h */,
				483097C51ABF8B990076331C /* SPUser.m */,
				483097C71ABF8DDB0076331C /* SPActivity.h */,
				483097C81ABF8DDB0076331C /* SPActivity.m */,
				48BCBACA1AD0939D001A60AB /* SPPhoto.h */,
				48BCBACB1AD0939D001A60AB /* SPPhoto.m */,
				48BCBACD1AD09448001A60AB /* SPClosetPhoto.h */,
				48BCBACE1AD09448001A60AB /* SPClosetPhoto.m */,
			);
			name = SPParse;
			sourceTree = "<group>";
		};
		387463721AA412FA002E0565 /* SPViewModels */ = {
			isa = PBXGroup;
			children = (
				3874636F1AA40465002E0565 /* SPFeedItem.swift */,
				387463731AA418AC002E0565 /* SPProfileInfo.swift */,
				387463751AA418BA002E0565 /* SPPhotosComments.swift */,
			);
			name = SPViewModels;
			sourceTree = "<group>";
		};
		389A56EC1A564BB100EB0EFD /* SPFeed */ = {
			isa = PBXGroup;
			children = (
				389A56EA1A564BAC00EB0EFD /* SPBaseTableViewController.swift */,
				48D5C7201AC3C79B00D3EBA9 /* SPFeedTableViewController.swift */,
				38AA7BF41A883E6600A75FB7 /* SPFeedDetailViewController.swift */,
				38AA7BF51A883E6600A75FB7 /* SPFeedDetailViewController.xib */,
				38FBAD411A92D0E100B8905C /* SPFeedTableViewCells */,
				3806710D1AD9F2A90074E4FE /* SPFeedDetailTableViewCells */,
			);
			name = SPFeed;
			sourceTree = "<group>";
		};
		38BB44521A663143004CD444 /* SPExplore */ = {
			isa = PBXGroup;
			children = (
				38BB44501A66313C004CD444 /* SPExploreTableViewController.swift */,
				38E7F82E1AA6DA160084D8F0 /* SPPhotosQueryTableViewController.swift */,
			);
			name = SPExplore;
			sourceTree = "<group>";
		};
		38BB44531A663155004CD444 /* SPCamera */ = {
			isa = PBXGroup;
			children = (
				4854A9CE1A9AC76D00164CD0 /* SPCameraOverlay */,
				38BB444E1A63C077004CD444 /* SPEditPhotoViewController.xib */,
				38BB444A1A63B7E2004CD444 /* SPEditPhotoViewController.swift */,
				48B4BC901A9AA83300B06E41 /* SPPostViewController.swift */,
			);
			name = SPCamera;
			sourceTree = "<group>";
		};
		38BB44541A663160004CD444 /* SPLogin */ = {
			isa = PBXGroup;
			children = (
				389A56F81A57405500EB0EFD /* SPLoginViewController.swift */,
			);
			name = SPLogin;
			sourceTree = "<group>";
		};
		38BB44571A66317E004CD444 /* SPProfile */ = {
			isa = PBXGroup;
			children = (
				38BB44551A663174004CD444 /* SPProfileViewController.swift */,
				38EAD46F1AB66D9600A6FD81 /* Cells */,
				4842AA331ADB56190013C726 /* SPInviteFriendsTableViewController.swift */,
			);
			name = SPProfile;
			sourceTree = "<group>";
		};
		38BB445A1A6631B8004CD444 /* SPCloset */ = {
			isa = PBXGroup;
			children = (
				38BB44581A66318C004CD444 /* SPClosetViewController.swift */,
				38AC45141AA8212700199935 /* SPClosetCollectionViewCell.swift */,
				38AC45151AA8212700199935 /* SPClosetCollectionViewCell.xib */,
				386B7A801AA82ECD00115147 /* SPClosetDetailViewController.swift */,
				386B7A811AA82ECD00115147 /* SPClosetDetailViewController.xib */,
			);
			name = SPCloset;
			sourceTree = "<group>";
		};
		38EAD46A1AB651AA00A6FD81 /* UIVIew+Borders */ = {
			isa = PBXGroup;
			children = (
				38EAD4671AB651A500A6FD81 /* UIView+Borders.m */,
				38EAD4681AB651A500A6FD81 /* UIView+Borders.h */,
			);
			name = "UIVIew+Borders";
			sourceTree = "<group>";
		};
		38EAD46F1AB66D9600A6FD81 /* Cells */ = {
			isa = PBXGroup;
			children = (
				38EAD4651AB63DF000A6FD81 /* SPProfileHeaderView.xib */,
				38EAD4631AB63DE700A6FD81 /* SPProfileHeaderView.swift */,
				38EAD45F1AB63BBB00A6FD81 /* SPProfileToolBarView.xib */,
				38EAD4611AB63BCA00A6FD81 /* SPProfileToolBarView.swift */,
				38EAD46B1AB66D8F00A6FD81 /* SPProfilePostTableViewCell.swift */,
				38EAD46C1AB66D8F00A6FD81 /* SPProfilePostTableViewCell.xib */,
				EC3B4BC61ABBC28200E76121 /* SPProfileFollowTableViewCell.swift */,
				EC3B4BC71ABBC28200E76121 /* SPProfileFollowTableViewCell.xib */,
				381B47671ABE546F00E5405B /* SPProfileNotificationsTableViewCell.swift */,
				381B47681ABE546F00E5405B /* SPProfileNotificationsTableViewCell.xib */,
			);
			name = Cells;
			sourceTree = "<group>";
		};
		38F87B421AD210AB00180602 /* TTTAttributedLabel */ = {
			isa = PBXGroup;
			children = (
				38F87B431AD210AB00180602 /* TTTAttributedLabel.h */,
				38F87B441AD210AB00180602 /* TTTAttributedLabel.m */,
			);
			path = TTTAttributedLabel;
			sourceTree = "<group>";
		};
		38FBAD411A92D0E100B8905C /* SPFeedTableViewCells */ = {
			isa = PBXGroup;
			children = (
				38AA7C001A88A42B00A75FB7 /* SPBaseTableViewCell.swift */,
				EC3B4BCA1ABBDDF500E76121 /* SPBaseFeedViewTableViewCell.swift */,
				389A56E81A564B4E00EB0EFD /* SPFeedViewTableViewCell.swift */,
				38E7F8301AA6E9160084D8F0 /* SPFeedViewTableViewCell.xib */,
			);
			name = SPFeedTableViewCells;
			sourceTree = "<group>";
		};
		4854A9CE1A9AC76D00164CD0 /* SPCameraOverlay */ = {
			isa = PBXGroup;
			children = (
				4854A9CF1A9AC79500164CD0 /* SPCameraOverlay.xib */,
				4854A9D11A9AC7E800164CD0 /* SPCameraOverlay.swift */,
			);
			name = SPCameraOverlay;
			sourceTree = "<group>";
		};
/* End PBXGroup section */

/* Begin PBXNativeTarget section */
		3845F7DA1A560A5800191BDA /* Stylpic */ = {
			isa = PBXNativeTarget;
			buildConfigurationList = 3845F7FC1A560A5800191BDA /* Build configuration list for PBXNativeTarget "Stylpic" */;
			buildPhases = (
				3845F7D71A560A5800191BDA /* Sources */,
				3845F7D81A560A5800191BDA /* Frameworks */,
				3845F7D91A560A5800191BDA /* Resources */,
			);
			buildRules = (
			);
			dependencies = (
			);
			name = Stylpic;
			productName = Stylpic;
			productReference = 3845F7DB1A560A5800191BDA /* Stylpic.app */;
			productType = "com.apple.product-type.application";
		};
		3845F7F11A560A5800191BDA /* StylpicTests */ = {
			isa = PBXNativeTarget;
			buildConfigurationList = 3845F7FF1A560A5800191BDA /* Build configuration list for PBXNativeTarget "StylpicTests" */;
			buildPhases = (
				3845F7EE1A560A5800191BDA /* Sources */,
				3845F7EF1A560A5800191BDA /* Frameworks */,
				3845F7F01A560A5800191BDA /* Resources */,
			);
			buildRules = (
			);
			dependencies = (
				3845F7F41A560A5800191BDA /* PBXTargetDependency */,
			);
			name = StylpicTests;
			productName = StylpicTests;
			productReference = 3845F7F21A560A5800191BDA /* StylpicTests.xctest */;
			productType = "com.apple.product-type.bundle.unit-test";
		};
/* End PBXNativeTarget section */

/* Begin PBXProject section */
		3845F7D31A560A5800191BDA /* Project object */ = {
			isa = PBXProject;
			attributes = {
				LastUpgradeCheck = 0600;
				ORGANIZATIONNAME = "Neil Bhargava";
				TargetAttributes = {
					3845F7DA1A560A5800191BDA = {
						CreatedOnToolsVersion = 6.0;
						DevelopmentTeam = S9HWZN732E;
					};
					3845F7F11A560A5800191BDA = {
						CreatedOnToolsVersion = 6.0;
						DevelopmentTeam = S9HWZN732E;
						TestTargetID = 3845F7DA1A560A5800191BDA;
					};
				};
			};
			buildConfigurationList = 3845F7D61A560A5800191BDA /* Build configuration list for PBXProject "Stylpic" */;
			compatibilityVersion = "Xcode 3.2";
			developmentRegion = English;
			hasScannedForEncodings = 0;
			knownRegions = (
				en,
				Base,
			);
			mainGroup = 3845F7D21A560A5800191BDA;
			productRefGroup = 3845F7DC1A560A5800191BDA /* Products */;
			projectDirPath = "";
			projectRoot = "";
			targets = (
				3845F7DA1A560A5800191BDA /* Stylpic */,
				3845F7F11A560A5800191BDA /* StylpicTests */,
			);
		};
/* End PBXProject section */

/* Begin PBXResourcesBuildPhase section */
		3845F7D91A560A5800191BDA /* Resources */ = {
			isa = PBXResourcesBuildPhase;
			buildActionMask = 2147483647;
			files = (
				380671731AAD6EC30001527F /* OpenSans-Semibold.ttf in Resources */,
				380671741AAD6ED00001527F /* OpenSans-Regular.ttf in Resources */,
				38EAD4661AB63DF000A6FD81 /* SPProfileHeaderView.xib in Resources */,
				380671751AAD6ED00001527F /* OpenSans-Light.ttf in Resources */,
				380671761AAD6ED00001527F /* OpenSans-Bold.ttf in Resources */,
				38AA7BF71A883E6600A75FB7 /* SPFeedDetailViewController.xib in Resources */,
				38F87B411AD20E9100180602 /* SPCommentsSmallTableViewCell.xib in Resources */,
				38AA7BFB1A88423800A75FB7 /* SPFeedDetailPictureTableViewCell.xib in Resources */,
				38EAD4601AB63BBB00A6FD81 /* SPProfileToolBarView.xib in Resources */,
				3845F7E81A560A5800191BDA /* Main.storyboard in Resources */,
				381B476A1ABE546F00E5405B /* SPProfileNotificationsTableViewCell.xib in Resources */,
				38E7F8311AA6E9160084D8F0 /* SPFeedViewTableViewCell.xib in Resources */,
				4854A9D01A9AC79500164CD0 /* SPCameraOverlay.xib in Resources */,
				38EAD46E1AB66D8F00A6FD81 /* SPProfilePostTableViewCell.xib in Resources */,
				38F87B3D1AD20D1800180602 /* SPFeedDetailCollaborationTableViewCell.xib in Resources */,
				484770B81AD9DC2F007045E5 /* Images.xcassets in Resources */,
				38BB444F1A63C077004CD444 /* SPEditPhotoViewController.xib in Resources */,
				38CD696C1AD231210003F8A4 /* SPLikeCommentButtonView.xib in Resources */,
				EC3B4BC91ABBC28200E76121 /* SPProfileFollowTableViewCell.xib in Resources */,
				38AA7BFF1A88425300A75FB7 /* SPFeedDetailCommentTableViewCell.xib in Resources */,
				386B7A831AA82ECD00115147 /* SPClosetDetailViewController.xib in Resources */,
				38AC45171AA8212700199935 /* SPClosetCollectionViewCell.xib in Resources */,
				380671111AD9F2FB0074E4FE /* SPLikesViewController.xib in Resources */,
				380671161AD9F7B10074E4FE /* SPLikesTableViewCell.xib in Resources */,
			);
			runOnlyForDeploymentPostprocessing = 0;
		};
		3845F7F01A560A5800191BDA /* Resources */ = {
			isa = PBXResourcesBuildPhase;
			buildActionMask = 2147483647;
			files = (
			);
			runOnlyForDeploymentPostprocessing = 0;
		};
/* End PBXResourcesBuildPhase section */

/* Begin PBXSourcesBuildPhase section */
		3845F7D71A560A5800191BDA /* Sources */ = {
			isa = PBXSourcesBuildPhase;
			buildActionMask = 2147483647;
			files = (
				4854A9D21A9AC7E800164CD0 /* SPCameraOverlay.swift in Sources */,
				381B47691ABE546F00E5405B /* SPProfileNotificationsTableViewCell.swift in Sources */,
				38F87B451AD210AB00180602 /* TTTAttributedLabel.m in Sources */,
				4842AA341ADB56190013C726 /* SPInviteFriendsTableViewController.swift in Sources */,
				389A56EB1A564BAC00EB0EFD /* SPBaseTableViewController.swift in Sources */,
				38F87B3C1AD20D1800180602 /* SPFeedDetailCollaborationTableViewCell.swift in Sources */,
				380671151AD9F7B10074E4FE /* SPLikesTableViewCell.swift in Sources */,
				3811EA8D1AD09D2700F234AF /* UIImage+BackgroundImage.m in Sources */,
				483097C91ABF8DDB0076331C /* SPActivity.m in Sources */,
				38160A341AB50F95005504AD /* UIView+SLKAdditions.m in Sources */,
				386B7A821AA82ECD00115147 /* SPClosetDetailViewController.swift in Sources */,
				38160A331AB50F95005504AD /* SLKTextView+SLKAdditions.m in Sources */,
				38AC45161AA8212700199935 /* SPClosetCollectionViewCell.swift in Sources */,
				48BCBACC1AD0939D001A60AB /* SPPhoto.m in Sources */,
				387463671AA3FA1C002E0565 /* SPManager.swift in Sources */,
				389A56F91A57405500EB0EFD /* SPLoginViewController.swift in Sources */,
				38BB44591A66318C004CD444 /* SPClosetViewController.swift in Sources */,
				3811EA8A1AD0967300F234AF /* SPTabBarController.swift in Sources */,
				483097C61ABF8B990076331C /* SPUser.m in Sources */,
				38160A271AB50F34005504AD /* SLKTextView.m in Sources */,
				48D5C7211AC3C79B00D3EBA9 /* SPFeedTableViewController.swift in Sources */,
				387463761AA418BA002E0565 /* SPPhotosComments.swift in Sources */,
				38160A281AB50F34005504AD /* SLKTextInputbar.m in Sources */,
				38160A2A1AB50F34005504AD /* SLKInputAccessoryView.m in Sources */,
				3845F7E11A560A5800191BDA /* AppDelegate.swift in Sources */,
				38EAD4641AB63DE700A6FD81 /* SPProfileHeaderView.swift in Sources */,
				38BB44561A663174004CD444 /* SPProfileViewController.swift in Sources */,
				387463701AA40465002E0565 /* SPFeedItem.swift in Sources */,
				38BB44511A66313C004CD444 /* SPExploreTableViewController.swift in Sources */,
				483097C31ABF8A470076331C /* SPPhotoPair.m in Sources */,
				38160A351AB50F95005504AD /* UIScrollView+SLKAdditions.m in Sources */,
				38F87B401AD20E9100180602 /* SPCommentsSmallTableViewCell.swift in Sources */,
				38EAD46D1AB66D8F00A6FD81 /* SPProfilePostTableViewCell.swift in Sources */,
				EC3B4BC81ABBC28200E76121 /* SPProfileFollowTableViewCell.swift in Sources */,
				38160A371AB51E1F005504AD /* SPCommentsViewController.swift in Sources */,
				38EAD4621AB63BCA00A6FD81 /* SPProfileToolBarView.swift in Sources */,
				38CD696A1AD231140003F8A4 /* SPLikeCommentButtonView.swift in Sources */,
				38AA7BFA1A88423800A75FB7 /* SPFeedDetailPictureTableViewCell.swift in Sources */,
				38160A291AB50F34005504AD /* SLKTypingIndicatorView.m in Sources */,
				38EAD4691AB651A500A6FD81 /* UIView+Borders.m in Sources */,
				48BCBACF1AD09448001A60AB /* SPClosetPhoto.m in Sources */,
				38AA7BFE1A88425300A75FB7 /* SPFeedDetailCommentTableViewCell.swift in Sources */,
				380671101AD9F2FB0074E4FE /* SPLikesViewController.swift in Sources */,
				EC3B4BCB1ABBDDF500E76121 /* SPBaseFeedViewTableViewCell.swift in Sources */,
				387463741AA418AC002E0565 /* SPProfileInfo.swift in Sources */,
				386B7A861AA8361F00115147 /* TTTTimeIntervalFormatter.m in Sources */,
				483097CB1ABF93780076331C /* Constants.swift in Sources */,
				38AA7BF61A883E6600A75FB7 /* SPFeedDetailViewController.swift in Sources */,
				48B4BC911A9AA83300B06E41 /* SPPostViewController.swift in Sources */,
				38BB444B1A63B7E2004CD444 /* SPEditPhotoViewController.swift in Sources */,
				38160A261AB50F34005504AD /* SLKTextViewController.m in Sources */,
				389A56E91A564B4E00EB0EFD /* SPFeedViewTableViewCell.swift in Sources */,
				38E7F82F1AA6DA160084D8F0 /* SPPhotosQueryTableViewController.swift in Sources */,
				38AA7C011A88A42B00A75FB7 /* SPBaseTableViewCell.swift in Sources */,
			);
			runOnlyForDeploymentPostprocessing = 0;
		};
		3845F7EE1A560A5800191BDA /* Sources */ = {
			isa = PBXSourcesBuildPhase;
			buildActionMask = 2147483647;
			files = (
				3845F7F91A560A5800191BDA /* StylpicTests.swift in Sources */,
			);
			runOnlyForDeploymentPostprocessing = 0;
		};
/* End PBXSourcesBuildPhase section */

/* Begin PBXTargetDependency section */
		3845F7F41A560A5800191BDA /* PBXTargetDependency */ = {
			isa = PBXTargetDependency;
			target = 3845F7DA1A560A5800191BDA /* Stylpic */;
			targetProxy = 3845F7F31A560A5800191BDA /* PBXContainerItemProxy */;
		};
/* End PBXTargetDependency section */

/* Begin PBXVariantGroup section */
		3845F7E61A560A5800191BDA /* Main.storyboard */ = {
			isa = PBXVariantGroup;
			children = (
				3845F7E71A560A5800191BDA /* Base */,
			);
			name = Main.storyboard;
			sourceTree = "<group>";
		};
/* End PBXVariantGroup section */

/* Begin XCBuildConfiguration section */
		3845F7FA1A560A5800191BDA /* Debug */ = {
			isa = XCBuildConfiguration;
			buildSettings = {
				ALWAYS_SEARCH_USER_PATHS = NO;
				CLANG_CXX_LANGUAGE_STANDARD = "gnu++0x";
				CLANG_CXX_LIBRARY = "libc++";
				CLANG_ENABLE_MODULES = YES;
				CLANG_ENABLE_OBJC_ARC = YES;
				CLANG_WARN_BOOL_CONVERSION = YES;
				CLANG_WARN_CONSTANT_CONVERSION = YES;
				CLANG_WARN_DIRECT_OBJC_ISA_USAGE = YES_ERROR;
				CLANG_WARN_EMPTY_BODY = YES;
				CLANG_WARN_ENUM_CONVERSION = YES;
				CLANG_WARN_INT_CONVERSION = YES;
				CLANG_WARN_OBJC_ROOT_CLASS = YES_ERROR;
				CLANG_WARN_UNREACHABLE_CODE = YES;
				CLANG_WARN__DUPLICATE_METHOD_MATCH = YES;
				CODE_SIGN_IDENTITY = "iPhone Developer: Neil Bhargava (SD5FXQ2U4G)";
				"CODE_SIGN_IDENTITY[sdk=iphoneos*]" = "iPhone Developer";
				COPY_PHASE_STRIP = NO;
				DEFINES_MODULE = YES;
				ENABLE_STRICT_OBJC_MSGSEND = YES;
				GCC_C_LANGUAGE_STANDARD = gnu99;
				GCC_DYNAMIC_NO_PIC = NO;
				GCC_OPTIMIZATION_LEVEL = 0;
				GCC_PREPROCESSOR_DEFINITIONS = (
					"DEBUG=1",
					"$(inherited)",
				);
				GCC_SYMBOLS_PRIVATE_EXTERN = NO;
				GCC_WARN_64_TO_32_BIT_CONVERSION = YES;
				GCC_WARN_ABOUT_RETURN_TYPE = YES_ERROR;
				GCC_WARN_UNDECLARED_SELECTOR = YES;
				GCC_WARN_UNINITIALIZED_AUTOS = YES_AGGRESSIVE;
				GCC_WARN_UNUSED_FUNCTION = YES;
				GCC_WARN_UNUSED_VARIABLE = YES;
				IPHONEOS_DEPLOYMENT_TARGET = 8.0;
				MTL_ENABLE_DEBUG_INFO = YES;
				ONLY_ACTIVE_ARCH = YES;
				PROVISIONING_PROFILE = "3ab92c57-f2e3-42d7-9503-a43e91ce7442";
				SDKROOT = iphoneos;
				SWIFT_OPTIMIZATION_LEVEL = "-Onone";
			};
			name = Debug;
		};
		3845F7FB1A560A5800191BDA /* Release */ = {
			isa = XCBuildConfiguration;
			buildSettings = {
				ALWAYS_SEARCH_USER_PATHS = NO;
				CLANG_CXX_LANGUAGE_STANDARD = "gnu++0x";
				CLANG_CXX_LIBRARY = "libc++";
				CLANG_ENABLE_MODULES = YES;
				CLANG_ENABLE_OBJC_ARC = YES;
				CLANG_WARN_BOOL_CONVERSION = YES;
				CLANG_WARN_CONSTANT_CONVERSION = YES;
				CLANG_WARN_DIRECT_OBJC_ISA_USAGE = YES_ERROR;
				CLANG_WARN_EMPTY_BODY = YES;
				CLANG_WARN_ENUM_CONVERSION = YES;
				CLANG_WARN_INT_CONVERSION = YES;
				CLANG_WARN_OBJC_ROOT_CLASS = YES_ERROR;
				CLANG_WARN_UNREACHABLE_CODE = YES;
				CLANG_WARN__DUPLICATE_METHOD_MATCH = YES;
				CODE_SIGN_IDENTITY = "iPhone Developer: Neil Bhargava (SD5FXQ2U4G)";
				"CODE_SIGN_IDENTITY[sdk=iphoneos*]" = "iPhone Developer";
				COPY_PHASE_STRIP = YES;
				DEFINES_MODULE = YES;
				ENABLE_NS_ASSERTIONS = NO;
				ENABLE_STRICT_OBJC_MSGSEND = YES;
				GCC_C_LANGUAGE_STANDARD = gnu99;
				GCC_WARN_64_TO_32_BIT_CONVERSION = YES;
				GCC_WARN_ABOUT_RETURN_TYPE = YES_ERROR;
				GCC_WARN_UNDECLARED_SELECTOR = YES;
				GCC_WARN_UNINITIALIZED_AUTOS = YES_AGGRESSIVE;
				GCC_WARN_UNUSED_FUNCTION = YES;
				GCC_WARN_UNUSED_VARIABLE = YES;
				IPHONEOS_DEPLOYMENT_TARGET = 8.0;
				MTL_ENABLE_DEBUG_INFO = NO;
				SDKROOT = iphoneos;
				VALIDATE_PRODUCT = YES;
			};
			name = Release;
		};
		3845F7FD1A560A5800191BDA /* Debug */ = {
			isa = XCBuildConfiguration;
			buildSettings = {
				ASSETCATALOG_COMPILER_APPICON_NAME = AppIcon;
				ASSETCATALOG_COMPILER_LAUNCHIMAGE_NAME = LaunchImage;
				CLANG_ENABLE_MODULES = YES;
				CODE_SIGN_IDENTITY = "iPhone Developer";
				"CODE_SIGN_IDENTITY[sdk=iphoneos*]" = "iPhone Developer";
				DEFINES_MODULE = YES;
				FRAMEWORK_SEARCH_PATHS = (
					"$(inherited)",
					"$(PROJECT_DIR)/Stylpic",
					/Users/Neilb/Documents/FacebookSDK,
				);
				INFOPLIST_FILE = Stylpic/Info.plist;
				IPHONEOS_DEPLOYMENT_TARGET = 8.0;
				LD_RUNPATH_SEARCH_PATHS = "$(inherited) @executable_path/Frameworks";
				PRODUCT_NAME = "$(TARGET_NAME)";
				PROVISIONING_PROFILE = "";
				SWIFT_OBJC_BRIDGING_HEADER = "Stylpic/Stylpic-Bridging-Header.h";
				SWIFT_OPTIMIZATION_LEVEL = "-Onone";
			};
			name = Debug;
		};
		3845F7FE1A560A5800191BDA /* Release */ = {
			isa = XCBuildConfiguration;
			buildSettings = {
				ASSETCATALOG_COMPILER_APPICON_NAME = AppIcon;
				ASSETCATALOG_COMPILER_LAUNCHIMAGE_NAME = LaunchImage;
				CLANG_ENABLE_MODULES = YES;
				CODE_SIGN_IDENTITY = "iPhone Developer";
				"CODE_SIGN_IDENTITY[sdk=iphoneos*]" = "iPhone Developer";
				DEFINES_MODULE = YES;
				FRAMEWORK_SEARCH_PATHS = (
					"$(inherited)",
					"$(PROJECT_DIR)/Stylpic",
					/Users/Neilb/Documents/FacebookSDK,
				);
				INFOPLIST_FILE = Stylpic/Info.plist;
				IPHONEOS_DEPLOYMENT_TARGET = 8.0;
				LD_RUNPATH_SEARCH_PATHS = "$(inherited) @executable_path/Frameworks";
				PRODUCT_NAME = "$(TARGET_NAME)";
				PROVISIONING_PROFILE = "";
				SWIFT_OBJC_BRIDGING_HEADER = "Stylpic/Stylpic-Bridging-Header.h";
			};
			name = Release;
		};
		3845F8001A560A5800191BDA /* Debug */ = {
			isa = XCBuildConfiguration;
			buildSettings = {
				BUNDLE_LOADER = "$(TEST_HOST)";
				CODE_SIGN_IDENTITY = "iPhone Developer";
				"CODE_SIGN_IDENTITY[sdk=iphoneos*]" = "iPhone Developer";
				FRAMEWORK_SEARCH_PATHS = (
					"$(SDKROOT)/Developer/Library/Frameworks",
					"$(inherited)",
				);
				GCC_PREPROCESSOR_DEFINITIONS = (
					"DEBUG=1",
					"$(inherited)",
				);
				INFOPLIST_FILE = StylpicTests/Info.plist;
				LD_RUNPATH_SEARCH_PATHS = "$(inherited) @executable_path/Frameworks @loader_path/Frameworks";
				PRODUCT_NAME = "$(TARGET_NAME)";
				PROVISIONING_PROFILE = "";
				TEST_HOST = "$(BUILT_PRODUCTS_DIR)/Stylpic.app/Stylpic";
			};
			name = Debug;
		};
		3845F8011A560A5800191BDA /* Release */ = {
			isa = XCBuildConfiguration;
			buildSettings = {
				BUNDLE_LOADER = "$(TEST_HOST)";
				CODE_SIGN_IDENTITY = "iPhone Developer";
				"CODE_SIGN_IDENTITY[sdk=iphoneos*]" = "iPhone Developer";
				FRAMEWORK_SEARCH_PATHS = (
					"$(SDKROOT)/Developer/Library/Frameworks",
					"$(inherited)",
				);
				INFOPLIST_FILE = StylpicTests/Info.plist;
				LD_RUNPATH_SEARCH_PATHS = "$(inherited) @executable_path/Frameworks @loader_path/Frameworks";
				PRODUCT_NAME = "$(TARGET_NAME)";
				PROVISIONING_PROFILE = "";
				TEST_HOST = "$(BUILT_PRODUCTS_DIR)/Stylpic.app/Stylpic";
			};
			name = Release;
		};
/* End XCBuildConfiguration section */

/* Begin XCConfigurationList section */
		3845F7D61A560A5800191BDA /* Build configuration list for PBXProject "Stylpic" */ = {
			isa = XCConfigurationList;
			buildConfigurations = (
				3845F7FA1A560A5800191BDA /* Debug */,
				3845F7FB1A560A5800191BDA /* Release */,
			);
			defaultConfigurationIsVisible = 0;
			defaultConfigurationName = Release;
		};
		3845F7FC1A560A5800191BDA /* Build configuration list for PBXNativeTarget "Stylpic" */ = {
			isa = XCConfigurationList;
			buildConfigurations = (
				3845F7FD1A560A5800191BDA /* Debug */,
				3845F7FE1A560A5800191BDA /* Release */,
			);
			defaultConfigurationIsVisible = 0;
			defaultConfigurationName = Release;
		};
		3845F7FF1A560A5800191BDA /* Build configuration list for PBXNativeTarget "StylpicTests" */ = {
			isa = XCConfigurationList;
			buildConfigurations = (
				3845F8001A560A5800191BDA /* Debug */,
				3845F8011A560A5800191BDA /* Release */,
			);
			defaultConfigurationIsVisible = 0;
			defaultConfigurationName = Release;
		};
/* End XCConfigurationList section */
	};
	rootObject = 3845F7D31A560A5800191BDA /* Project object */;
}
