// !$*UTF8*$!
{
	archiveVersion = 1;
	classes = {
	};
	objectVersion = 46;
	objects = {

/* Begin PBXBuildFile section */
		3845F7E11A560A5800191BDA /* AppDelegate.swift in Sources */ = {isa = PBXBuildFile; fileRef = 3845F7E01A560A5800191BDA /* AppDelegate.swift */; };
		3845F7E81A560A5800191BDA /* Main.storyboard in Resources */ = {isa = PBXBuildFile; fileRef = 3845F7E61A560A5800191BDA /* Main.storyboard */; };
		3845F7EA1A560A5800191BDA /* Images.xcassets in Resources */ = {isa = PBXBuildFile; fileRef = 3845F7E91A560A5800191BDA /* Images.xcassets */; };
		3845F7ED1A560A5800191BDA /* LaunchScreen.xib in Resources */ = {isa = PBXBuildFile; fileRef = 3845F7EB1A560A5800191BDA /* LaunchScreen.xib */; };
		3845F7F91A560A5800191BDA /* StylpicTests.swift in Sources */ = {isa = PBXBuildFile; fileRef = 3845F7F81A560A5800191BDA /* StylpicTests.swift */; };
		3845F8071A560A8800191BDA /* Bolts.framework in Frameworks */ = {isa = PBXBuildFile; fileRef = 3845F8021A560A8800191BDA /* Bolts.framework */; };
		3845F8081A560A8800191BDA /* Parse.framework in Frameworks */ = {isa = PBXBuildFile; fileRef = 3845F8031A560A8800191BDA /* Parse.framework */; };
		3845F8091A560A8800191BDA /* ParseCrashReporting.framework in Frameworks */ = {isa = PBXBuildFile; fileRef = 3845F8041A560A8800191BDA /* ParseCrashReporting.framework */; };
		3845F80A1A560A8800191BDA /* ParseFacebookUtils.framework in Frameworks */ = {isa = PBXBuildFile; fileRef = 3845F8051A560A8800191BDA /* ParseFacebookUtils.framework */; };
		3845F80B1A560A8800191BDA /* ParseUI.framework in Frameworks */ = {isa = PBXBuildFile; fileRef = 3845F8061A560A8800191BDA /* ParseUI.framework */; };
		3845F80E1A560ADD00191BDA /* Accounts.framework in Frameworks */ = {isa = PBXBuildFile; fileRef = 3845F80D1A560ADD00191BDA /* Accounts.framework */; };
		3845F8101A560AE700191BDA /* AudioToolbox.framework in Frameworks */ = {isa = PBXBuildFile; fileRef = 3845F80F1A560AE700191BDA /* AudioToolbox.framework */; };
		3845F8121A560AF300191BDA /* CFNetwork.framework in Frameworks */ = {isa = PBXBuildFile; fileRef = 3845F8111A560AF300191BDA /* CFNetwork.framework */; };
		389A56E91A564B4E00EB0EFD /* SPFeedViewTableViewCell.swift in Sources */ = {isa = PBXBuildFile; fileRef = 389A56E81A564B4E00EB0EFD /* SPFeedViewTableViewCell.swift */; };
		389A56EB1A564BAC00EB0EFD /* SPFeedTableViewController.swift in Sources */ = {isa = PBXBuildFile; fileRef = 389A56EA1A564BAC00EB0EFD /* SPFeedTableViewController.swift */; };
		389A56F31A57277800EB0EFD /* FacebookSDK.framework in Frameworks */ = {isa = PBXBuildFile; fileRef = 389A56F11A57275E00EB0EFD /* FacebookSDK.framework */; };
		ECB2C2311A560DC30009FD11 /* CoreGraphics.framework in Frameworks */ = {isa = PBXBuildFile; fileRef = ECB2C2301A560DC30009FD11 /* CoreGraphics.framework */; };
		ECB2C2331A560DFF0009FD11 /* CoreLocation.framework in Frameworks */ = {isa = PBXBuildFile; fileRef = ECB2C2321A560DFF0009FD11 /* CoreLocation.framework */; };
		ECB2C23B1A560E350009FD11 /* libsqlite3.dylib in Frameworks */ = {isa = PBXBuildFile; fileRef = ECB2C2341A560E350009FD11 /* libsqlite3.dylib */; };
		ECB2C23C1A560E350009FD11 /* libz.dylib in Frameworks */ = {isa = PBXBuildFile; fileRef = ECB2C2351A560E350009FD11 /* libz.dylib */; };
		ECB2C23D1A560E350009FD11 /* MobileCoreServices.framework in Frameworks */ = {isa = PBXBuildFile; fileRef = ECB2C2361A560E350009FD11 /* MobileCoreServices.framework */; };
		ECB2C23E1A560E350009FD11 /* QuartzCore.framework in Frameworks */ = {isa = PBXBuildFile; fileRef = ECB2C2371A560E350009FD11 /* QuartzCore.framework */; };
		ECB2C23F1A560E350009FD11 /* Security.framework in Frameworks */ = {isa = PBXBuildFile; fileRef = ECB2C2381A560E350009FD11 /* Security.framework */; };
		ECB2C2401A560E350009FD11 /* StoreKit.framework in Frameworks */ = {isa = PBXBuildFile; fileRef = ECB2C2391A560E350009FD11 /* StoreKit.framework */; };
		ECB2C2411A560E350009FD11 /* SystemConfiguration.framework in Frameworks */ = {isa = PBXBuildFile; fileRef = ECB2C23A1A560E350009FD11 /* SystemConfiguration.framework */; };
		ECB2C2431A5632220009FD11 /* SPCameraViewController.swift in Sources */ = {isa = PBXBuildFile; fileRef = ECB2C2421A5632220009FD11 /* SPCameraViewController.swift */; };
/* End PBXBuildFile section */

/* Begin PBXContainerItemProxy section */
		3845F7F31A560A5800191BDA /* PBXContainerItemProxy */ = {
			isa = PBXContainerItemProxy;
			containerPortal = 3845F7D31A560A5800191BDA /* Project object */;
			proxyType = 1;
			remoteGlobalIDString = 3845F7DA1A560A5800191BDA;
			remoteInfo = Stylpic;
		};
/* End PBXContainerItemProxy section */

/* Begin PBXFileReference section */
		3845F7DB1A560A5800191BDA /* Stylpic.app */ = {isa = PBXFileReference; explicitFileType = wrapper.application; includeInIndex = 0; path = Stylpic.app; sourceTree = BUILT_PRODUCTS_DIR; };
		3845F7DF1A560A5800191BDA /* Info.plist */ = {isa = PBXFileReference; lastKnownFileType = text.plist.xml; path = Info.plist; sourceTree = "<group>"; };
		3845F7E01A560A5800191BDA /* AppDelegate.swift */ = {isa = PBXFileReference; lastKnownFileType = sourcecode.swift; path = AppDelegate.swift; sourceTree = "<group>"; };
		3845F7E71A560A5800191BDA /* Base */ = {isa = PBXFileReference; lastKnownFileType = file.storyboard; name = Base; path = Base.lproj/Main.storyboard; sourceTree = "<group>"; };
		3845F7E91A560A5800191BDA /* Images.xcassets */ = {isa = PBXFileReference; lastKnownFileType = folder.assetcatalog; path = Images.xcassets; sourceTree = "<group>"; };
		3845F7EC1A560A5800191BDA /* Base */ = {isa = PBXFileReference; lastKnownFileType = file.xib; name = Base; path = Base.lproj/LaunchScreen.xib; sourceTree = "<group>"; };
		3845F7F21A560A5800191BDA /* StylpicTests.xctest */ = {isa = PBXFileReference; explicitFileType = wrapper.cfbundle; includeInIndex = 0; path = StylpicTests.xctest; sourceTree = BUILT_PRODUCTS_DIR; };
		3845F7F71A560A5800191BDA /* Info.plist */ = {isa = PBXFileReference; lastKnownFileType = text.plist.xml; path = Info.plist; sourceTree = "<group>"; };
		3845F7F81A560A5800191BDA /* StylpicTests.swift */ = {isa = PBXFileReference; lastKnownFileType = sourcecode.swift; path = StylpicTests.swift; sourceTree = "<group>"; };
		3845F8021A560A8800191BDA /* Bolts.framework */ = {isa = PBXFileReference; lastKnownFileType = wrapper.framework; path = Bolts.framework; sourceTree = "<group>"; };
		3845F8031A560A8800191BDA /* Parse.framework */ = {isa = PBXFileReference; lastKnownFileType = wrapper.framework; path = Parse.framework; sourceTree = "<group>"; };
		3845F8041A560A8800191BDA /* ParseCrashReporting.framework */ = {isa = PBXFileReference; lastKnownFileType = wrapper.framework; path = ParseCrashReporting.framework; sourceTree = "<group>"; };
		3845F8051A560A8800191BDA /* ParseFacebookUtils.framework */ = {isa = PBXFileReference; lastKnownFileType = wrapper.framework; path = ParseFacebookUtils.framework; sourceTree = "<group>"; };
		3845F8061A560A8800191BDA /* ParseUI.framework */ = {isa = PBXFileReference; lastKnownFileType = wrapper.framework; path = ParseUI.framework; sourceTree = "<group>"; };
		3845F80D1A560ADD00191BDA /* Accounts.framework */ = {isa = PBXFileReference; lastKnownFileType = wrapper.framework; name = Accounts.framework; path = System/Library/Frameworks/Accounts.framework; sourceTree = SDKROOT; };
		3845F80F1A560AE700191BDA /* AudioToolbox.framework */ = {isa = PBXFileReference; lastKnownFileType = wrapper.framework; name = AudioToolbox.framework; path = System/Library/Frameworks/AudioToolbox.framework; sourceTree = SDKROOT; };
		3845F8111A560AF300191BDA /* CFNetwork.framework */ = {isa = PBXFileReference; lastKnownFileType = wrapper.framework; name = CFNetwork.framework; path = System/Library/Frameworks/CFNetwork.framework; sourceTree = SDKROOT; };
		389A56E81A564B4E00EB0EFD /* SPFeedViewTableViewCell.swift */ = {isa = PBXFileReference; fileEncoding = 4; lastKnownFileType = sourcecode.swift; path = SPFeedViewTableViewCell.swift; sourceTree = "<group>"; };
		389A56EA1A564BAC00EB0EFD /* SPFeedTableViewController.swift */ = {isa = PBXFileReference; fileEncoding = 4; lastKnownFileType = sourcecode.swift; path = SPFeedTableViewController.swift; sourceTree = "<group>"; };
		389A56F11A57275E00EB0EFD /* FacebookSDK.framework */ = {isa = PBXFileReference; lastKnownFileType = wrapper.framework; name = FacebookSDK.framework; path = ../../../../FacebookSDK/FacebookSDK.framework; sourceTree = "<group>"; };
		389A56F41A5727C500EB0EFD /* Stylpic-Bridging-Header.h */ = {isa = PBXFileReference; lastKnownFileType = sourcecode.c.h; path = "Stylpic-Bridging-Header.h"; sourceTree = "<group>"; };
		ECB2C2301A560DC30009FD11 /* CoreGraphics.framework */ = {isa = PBXFileReference; lastKnownFileType = wrapper.framework; name = CoreGraphics.framework; path = System/Library/Frameworks/CoreGraphics.framework; sourceTree = SDKROOT; };
		ECB2C2321A560DFF0009FD11 /* CoreLocation.framework */ = {isa = PBXFileReference; lastKnownFileType = wrapper.framework; name = CoreLocation.framework; path = System/Library/Frameworks/CoreLocation.framework; sourceTree = SDKROOT; };
		ECB2C2341A560E350009FD11 /* libsqlite3.dylib */ = {isa = PBXFileReference; lastKnownFileType = "compiled.mach-o.dylib"; name = libsqlite3.dylib; path = usr/lib/libsqlite3.dylib; sourceTree = SDKROOT; };
		ECB2C2351A560E350009FD11 /* libz.dylib */ = {isa = PBXFileReference; lastKnownFileType = "compiled.mach-o.dylib"; name = libz.dylib; path = usr/lib/libz.dylib; sourceTree = SDKROOT; };
		ECB2C2361A560E350009FD11 /* MobileCoreServices.framework */ = {isa = PBXFileReference; lastKnownFileType = wrapper.framework; name = MobileCoreServices.framework; path = System/Library/Frameworks/MobileCoreServices.framework; sourceTree = SDKROOT; };
		ECB2C2371A560E350009FD11 /* QuartzCore.framework */ = {isa = PBXFileReference; lastKnownFileType = wrapper.framework; name = QuartzCore.framework; path = System/Library/Frameworks/QuartzCore.framework; sourceTree = SDKROOT; };
		ECB2C2381A560E350009FD11 /* Security.framework */ = {isa = PBXFileReference; lastKnownFileType = wrapper.framework; name = Security.framework; path = System/Library/Frameworks/Security.framework; sourceTree = SDKROOT; };
		ECB2C2391A560E350009FD11 /* StoreKit.framework */ = {isa = PBXFileReference; lastKnownFileType = wrapper.framework; name = StoreKit.framework; path = System/Library/Frameworks/StoreKit.framework; sourceTree = SDKROOT; };
		ECB2C23A1A560E350009FD11 /* SystemConfiguration.framework */ = {isa = PBXFileReference; lastKnownFileType = wrapper.framework; name = SystemConfiguration.framework; path = System/Library/Frameworks/SystemConfiguration.framework; sourceTree = SDKROOT; };
		ECB2C2421A5632220009FD11 /* SPCameraViewController.swift */ = {isa = PBXFileReference; fileEncoding = 4; lastKnownFileType = sourcecode.swift; path = SPCameraViewController.swift; sourceTree = "<group>"; };
/* End PBXFileReference section */

/* Begin PBXFrameworksBuildPhase section */
		3845F7D81A560A5800191BDA /* Frameworks */ = {
			isa = PBXFrameworksBuildPhase;
			buildActionMask = 2147483647;
			files = (
				389A56F31A57277800EB0EFD /* FacebookSDK.framework in Frameworks */,
				ECB2C23B1A560E350009FD11 /* libsqlite3.dylib in Frameworks */,
				ECB2C23C1A560E350009FD11 /* libz.dylib in Frameworks */,
				ECB2C23D1A560E350009FD11 /* MobileCoreServices.framework in Frameworks */,
				ECB2C23E1A560E350009FD11 /* QuartzCore.framework in Frameworks */,
				ECB2C23F1A560E350009FD11 /* Security.framework in Frameworks */,
				ECB2C2401A560E350009FD11 /* StoreKit.framework in Frameworks */,
				ECB2C2411A560E350009FD11 /* SystemConfiguration.framework in Frameworks */,
				ECB2C2331A560DFF0009FD11 /* CoreLocation.framework in Frameworks */,
				ECB2C2311A560DC30009FD11 /* CoreGraphics.framework in Frameworks */,
				3845F8121A560AF300191BDA /* CFNetwork.framework in Frameworks */,
				3845F8101A560AE700191BDA /* AudioToolbox.framework in Frameworks */,
				3845F80E1A560ADD00191BDA /* Accounts.framework in Frameworks */,
				3845F8081A560A8800191BDA /* Parse.framework in Frameworks */,
				3845F8091A560A8800191BDA /* ParseCrashReporting.framework in Frameworks */,
				3845F80B1A560A8800191BDA /* ParseUI.framework in Frameworks */,
				3845F80A1A560A8800191BDA /* ParseFacebookUtils.framework in Frameworks */,
				3845F8071A560A8800191BDA /* Bolts.framework in Frameworks */,
			);
			runOnlyForDeploymentPostprocessing = 0;
		};
		3845F7EF1A560A5800191BDA /* Frameworks */ = {
			isa = PBXFrameworksBuildPhase;
			buildActionMask = 2147483647;
			files = (
			);
			runOnlyForDeploymentPostprocessing = 0;
		};
/* End PBXFrameworksBuildPhase section */

/* Begin PBXGroup section */
		3845F7D21A560A5800191BDA = {
			isa = PBXGroup;
			children = (
				3845F80C1A560A9000191BDA /* Frameworks */,
				3845F7DD1A560A5800191BDA /* Stylpic */,
				3845F7F51A560A5800191BDA /* StylpicTests */,
				3845F7DC1A560A5800191BDA /* Products */,
			);
			sourceTree = "<group>";
		};
		3845F7DC1A560A5800191BDA /* Products */ = {
			isa = PBXGroup;
			children = (
				3845F7DB1A560A5800191BDA /* Stylpic.app */,
				3845F7F21A560A5800191BDA /* StylpicTests.xctest */,
			);
			name = Products;
			sourceTree = "<group>";
		};
		3845F7DD1A560A5800191BDA /* Stylpic */ = {
			isa = PBXGroup;
			children = (
				3845F7E01A560A5800191BDA /* AppDelegate.swift */,
				ECB2C2421A5632220009FD11 /* SPCameraViewController.swift */,
				3845F7E61A560A5800191BDA /* Main.storyboard */,
				389A56EC1A564BB100EB0EFD /* SPFeed */,
				3845F7E91A560A5800191BDA /* Images.xcassets */,
				3845F7EB1A560A5800191BDA /* LaunchScreen.xib */,
				3845F7DE1A560A5800191BDA /* Supporting Files */,
				389A56F41A5727C500EB0EFD /* Stylpic-Bridging-Header.h */,
			);
			path = Stylpic;
			sourceTree = "<group>";
		};
		3845F7DE1A560A5800191BDA /* Supporting Files */ = {
			isa = PBXGroup;
			children = (
				3845F7DF1A560A5800191BDA /* Info.plist */,
			);
			name = "Supporting Files";
			sourceTree = "<group>";
		};
		3845F7F51A560A5800191BDA /* StylpicTests */ = {
			isa = PBXGroup;
			children = (
				3845F7F81A560A5800191BDA /* StylpicTests.swift */,
				3845F7F61A560A5800191BDA /* Supporting Files */,
			);
			path = StylpicTests;
			sourceTree = "<group>";
		};
		3845F7F61A560A5800191BDA /* Supporting Files */ = {
			isa = PBXGroup;
			children = (
				3845F7F71A560A5800191BDA /* Info.plist */,
			);
			name = "Supporting Files";
			sourceTree = "<group>";
		};
		3845F80C1A560A9000191BDA /* Frameworks */ = {
			isa = PBXGroup;
			children = (
				ECB2C2341A560E350009FD11 /* libsqlite3.dylib */,
				ECB2C2351A560E350009FD11 /* libz.dylib */,
				389A56F11A57275E00EB0EFD /* FacebookSDK.framework */,
				ECB2C2361A560E350009FD11 /* MobileCoreServices.framework */,
				ECB2C2371A560E350009FD11 /* QuartzCore.framework */,
				ECB2C2381A560E350009FD11 /* Security.framework */,
				ECB2C2391A560E350009FD11 /* StoreKit.framework */,
				ECB2C23A1A560E350009FD11 /* SystemConfiguration.framework */,
				ECB2C2321A560DFF0009FD11 /* CoreLocation.framework */,
				ECB2C2301A560DC30009FD11 /* CoreGraphics.framework */,
				3845F8111A560AF300191BDA /* CFNetwork.framework */,
				3845F80F1A560AE700191BDA /* AudioToolbox.framework */,
				3845F80D1A560ADD00191BDA /* Accounts.framework */,
				3845F8021A560A8800191BDA /* Bolts.framework */,
				3845F8031A560A8800191BDA /* Parse.framework */,
				3845F8041A560A8800191BDA /* ParseCrashReporting.framework */,
				3845F8051A560A8800191BDA /* ParseFacebookUtils.framework */,
				3845F8061A560A8800191BDA /* ParseUI.framework */,
			);
			name = Frameworks;
			path = Stylpic;
			sourceTree = "<group>";
		};
		389A56EC1A564BB100EB0EFD /* SPFeed */ = {
			isa = PBXGroup;
			children = (
				389A56E81A564B4E00EB0EFD /* SPFeedViewTableViewCell.swift */,
				389A56EA1A564BAC00EB0EFD /* SPFeedTableViewController.swift */,
			);
			name = SPFeed;
			sourceTree = "<group>";
		};
/* End PBXGroup section */

/* Begin PBXNativeTarget section */
		3845F7DA1A560A5800191BDA /* Stylpic */ = {
			isa = PBXNativeTarget;
			buildConfigurationList = 3845F7FC1A560A5800191BDA /* Build configuration list for PBXNativeTarget "Stylpic" */;
			buildPhases = (
				3845F7D71A560A5800191BDA /* Sources */,
				3845F7D81A560A5800191BDA /* Frameworks */,
				3845F7D91A560A5800191BDA /* Resources */,
			);
			buildRules = (
			);
			dependencies = (
			);
			name = Stylpic;
			productName = Stylpic;
			productReference = 3845F7DB1A560A5800191BDA /* Stylpic.app */;
			productType = "com.apple.product-type.application";
		};
		3845F7F11A560A5800191BDA /* StylpicTests */ = {
			isa = PBXNativeTarget;
			buildConfigurationList = 3845F7FF1A560A5800191BDA /* Build configuration list for PBXNativeTarget "StylpicTests" */;
			buildPhases = (
				3845F7EE1A560A5800191BDA /* Sources */,
				3845F7EF1A560A5800191BDA /* Frameworks */,
				3845F7F01A560A5800191BDA /* Resources */,
			);
			buildRules = (
			);
			dependencies = (
				3845F7F41A560A5800191BDA /* PBXTargetDependency */,
			);
			name = StylpicTests;
			productName = StylpicTests;
			productReference = 3845F7F21A560A5800191BDA /* StylpicTests.xctest */;
			productType = "com.apple.product-type.bundle.unit-test";
		};
/* End PBXNativeTarget section */

/* Begin PBXProject section */
		3845F7D31A560A5800191BDA /* Project object */ = {
			isa = PBXProject;
			attributes = {
				LastUpgradeCheck = 0600;
				ORGANIZATIONNAME = "Neil Bhargava";
				TargetAttributes = {
					3845F7DA1A560A5800191BDA = {
						CreatedOnToolsVersion = 6.0;
						DevelopmentTeam = S9HWZN732E;
					};
					3845F7F11A560A5800191BDA = {
						CreatedOnToolsVersion = 6.0;
						TestTargetID = 3845F7DA1A560A5800191BDA;
					};
				};
			};
			buildConfigurationList = 3845F7D61A560A5800191BDA /* Build configuration list for PBXProject "Stylpic" */;
			compatibilityVersion = "Xcode 3.2";
			developmentRegion = English;
			hasScannedForEncodings = 0;
			knownRegions = (
				en,
				Base,
			);
			mainGroup = 3845F7D21A560A5800191BDA;
			productRefGroup = 3845F7DC1A560A5800191BDA /* Products */;
			projectDirPath = "";
			projectRoot = "";
			targets = (
				3845F7DA1A560A5800191BDA /* Stylpic */,
				3845F7F11A560A5800191BDA /* StylpicTests */,
			);
		};
/* End PBXProject section */

/* Begin PBXResourcesBuildPhase section */
		3845F7D91A560A5800191BDA /* Resources */ = {
			isa = PBXResourcesBuildPhase;
			buildActionMask = 2147483647;
			files = (
				3845F7E81A560A5800191BDA /* Main.storyboard in Resources */,
				3845F7ED1A560A5800191BDA /* LaunchScreen.xib in Resources */,
				3845F7EA1A560A5800191BDA /* Images.xcassets in Resources */,
			);
			runOnlyForDeploymentPostprocessing = 0;
		};
		3845F7F01A560A5800191BDA /* Resources */ = {
			isa = PBXResourcesBuildPhase;
			buildActionMask = 2147483647;
			files = (
			);
			runOnlyForDeploymentPostprocessing = 0;
		};
/* End PBXResourcesBuildPhase section */

/* Begin PBXSourcesBuildPhase section */
		3845F7D71A560A5800191BDA /* Sources */ = {
			isa = PBXSourcesBuildPhase;
			buildActionMask = 2147483647;
			files = (
				389A56EB1A564BAC00EB0EFD /* SPFeedTableViewController.swift in Sources */,
				3845F7E11A560A5800191BDA /* AppDelegate.swift in Sources */,
				ECB2C2431A5632220009FD11 /* SPCameraViewController.swift in Sources */,
				389A56E91A564B4E00EB0EFD /* SPFeedViewTableViewCell.swift in Sources */,
			);
			runOnlyForDeploymentPostprocessing = 0;
		};
		3845F7EE1A560A5800191BDA /* Sources */ = {
			isa = PBXSourcesBuildPhase;
			buildActionMask = 2147483647;
			files = (
				3845F7F91A560A5800191BDA /* StylpicTests.swift in Sources */,
			);
			runOnlyForDeploymentPostprocessing = 0;
		};
/* End PBXSourcesBuildPhase section */

/* Begin PBXTargetDependency section */
		3845F7F41A560A5800191BDA /* PBXTargetDependency */ = {
			isa = PBXTargetDependency;
			target = 3845F7DA1A560A5800191BDA /* Stylpic */;
			targetProxy = 3845F7F31A560A5800191BDA /* PBXContainerItemProxy */;
		};
/* End PBXTargetDependency section */

/* Begin PBXVariantGroup section */
		3845F7E61A560A5800191BDA /* Main.storyboard */ = {
			isa = PBXVariantGroup;
			children = (
				3845F7E71A560A5800191BDA /* Base */,
			);
			name = Main.storyboard;
			sourceTree = "<group>";
		};
		3845F7EB1A560A5800191BDA /* LaunchScreen.xib */ = {
			isa = PBXVariantGroup;
			children = (
				3845F7EC1A560A5800191BDA /* Base */,
			);
			name = LaunchScreen.xib;
			sourceTree = "<group>";
		};
/* End PBXVariantGroup section */

/* Begin XCBuildConfiguration section */
		3845F7FA1A560A5800191BDA /* Debug */ = {
			isa = XCBuildConfiguration;
			buildSettings = {
				ALWAYS_SEARCH_USER_PATHS = NO;
				CLANG_CXX_LANGUAGE_STANDARD = "gnu++0x";
				CLANG_CXX_LIBRARY = "libc++";
				CLANG_ENABLE_MODULES = YES;
				CLANG_ENABLE_OBJC_ARC = YES;
				CLANG_WARN_BOOL_CONVERSION = YES;
				CLANG_WARN_CONSTANT_CONVERSION = YES;
				CLANG_WARN_DIRECT_OBJC_ISA_USAGE = YES_ERROR;
				CLANG_WARN_EMPTY_BODY = YES;
				CLANG_WARN_ENUM_CONVERSION = YES;
				CLANG_WARN_INT_CONVERSION = YES;
				CLANG_WARN_OBJC_ROOT_CLASS = YES_ERROR;
				CLANG_WARN_UNREACHABLE_CODE = YES;
				CLANG_WARN__DUPLICATE_METHOD_MATCH = YES;
				"CODE_SIGN_IDENTITY[sdk=iphoneos*]" = "iPhone Developer";
				COPY_PHASE_STRIP = NO;
				ENABLE_STRICT_OBJC_MSGSEND = YES;
				GCC_C_LANGUAGE_STANDARD = gnu99;
				GCC_DYNAMIC_NO_PIC = NO;
				GCC_OPTIMIZATION_LEVEL = 0;
				GCC_PREPROCESSOR_DEFINITIONS = (
					"DEBUG=1",
					"$(inherited)",
				);
				GCC_SYMBOLS_PRIVATE_EXTERN = NO;
				GCC_WARN_64_TO_32_BIT_CONVERSION = YES;
				GCC_WARN_ABOUT_RETURN_TYPE = YES_ERROR;
				GCC_WARN_UNDECLARED_SELECTOR = YES;
				GCC_WARN_UNINITIALIZED_AUTOS = YES_AGGRESSIVE;
				GCC_WARN_UNUSED_FUNCTION = YES;
				GCC_WARN_UNUSED_VARIABLE = YES;
				IPHONEOS_DEPLOYMENT_TARGET = 8.0;
				MTL_ENABLE_DEBUG_INFO = YES;
				ONLY_ACTIVE_ARCH = YES;
				SDKROOT = iphoneos;
				SWIFT_OPTIMIZATION_LEVEL = "-Onone";
			};
			name = Debug;
		};
		3845F7FB1A560A5800191BDA /* Release */ = {
			isa = XCBuildConfiguration;
			buildSettings = {
				ALWAYS_SEARCH_USER_PATHS = NO;
				CLANG_CXX_LANGUAGE_STANDARD = "gnu++0x";
				CLANG_CXX_LIBRARY = "libc++";
				CLANG_ENABLE_MODULES = YES;
				CLANG_ENABLE_OBJC_ARC = YES;
				CLANG_WARN_BOOL_CONVERSION = YES;
				CLANG_WARN_CONSTANT_CONVERSION = YES;
				CLANG_WARN_DIRECT_OBJC_ISA_USAGE = YES_ERROR;
				CLANG_WARN_EMPTY_BODY = YES;
				CLANG_WARN_ENUM_CONVERSION = YES;
				CLANG_WARN_INT_CONVERSION = YES;
				CLANG_WARN_OBJC_ROOT_CLASS = YES_ERROR;
				CLANG_WARN_UNREACHABLE_CODE = YES;
				CLANG_WARN__DUPLICATE_METHOD_MATCH = YES;
				"CODE_SIGN_IDENTITY[sdk=iphoneos*]" = "iPhone Developer";
				COPY_PHASE_STRIP = YES;
				ENABLE_NS_ASSERTIONS = NO;
				ENABLE_STRICT_OBJC_MSGSEND = YES;
				GCC_C_LANGUAGE_STANDARD = gnu99;
				GCC_WARN_64_TO_32_BIT_CONVERSION = YES;
				GCC_WARN_ABOUT_RETURN_TYPE = YES_ERROR;
				GCC_WARN_UNDECLARED_SELECTOR = YES;
				GCC_WARN_UNINITIALIZED_AUTOS = YES_AGGRESSIVE;
				GCC_WARN_UNUSED_FUNCTION = YES;
				GCC_WARN_UNUSED_VARIABLE = YES;
				IPHONEOS_DEPLOYMENT_TARGET = 8.0;
				MTL_ENABLE_DEBUG_INFO = NO;
				SDKROOT = iphoneos;
				VALIDATE_PRODUCT = YES;
			};
			name = Release;
		};
		3845F7FD1A560A5800191BDA /* Debug */ = {
			isa = XCBuildConfiguration;
			buildSettings = {
				ASSETCATALOG_COMPILER_APPICON_NAME = AppIcon;
				CLANG_ENABLE_MODULES = YES;
				CODE_SIGN_IDENTITY = "iPhone Developer";
				"CODE_SIGN_IDENTITY[sdk=iphoneos*]" = "iPhone Developer";
				FRAMEWORK_SEARCH_PATHS = (
					"$(inherited)",
					"$(PROJECT_DIR)/Stylpic",
					/Users/Neilb/Documents/FacebookSDK,
				);
				INFOPLIST_FILE = Stylpic/Info.plist;
				LD_RUNPATH_SEARCH_PATHS = "$(inherited) @executable_path/Frameworks";
				PRODUCT_NAME = "$(TARGET_NAME)";
				PROVISIONING_PROFILE = "";
				SWIFT_OBJC_BRIDGING_HEADER = "Stylpic/Stylpic-Bridging-Header.h";
				SWIFT_OPTIMIZATION_LEVEL = "-Onone";
			};
			name = Debug;
		};
		3845F7FE1A560A5800191BDA /* Release */ = {
			isa = XCBuildConfiguration;
			buildSettings = {
				ASSETCATALOG_COMPILER_APPICON_NAME = AppIcon;
				CLANG_ENABLE_MODULES = YES;
				CODE_SIGN_IDENTITY = "iPhone Developer";
				"CODE_SIGN_IDENTITY[sdk=iphoneos*]" = "iPhone Developer";
				FRAMEWORK_SEARCH_PATHS = (
					"$(inherited)",
					"$(PROJECT_DIR)/Stylpic",
					/Users/Neilb/Documents/FacebookSDK,
				);
				INFOPLIST_FILE = Stylpic/Info.plist;
				LD_RUNPATH_SEARCH_PATHS = "$(inherited) @executable_path/Frameworks";
				PRODUCT_NAME = "$(TARGET_NAME)";
				PROVISIONING_PROFILE = "";
				SWIFT_OBJC_BRIDGING_HEADER = "Stylpic/Stylpic-Bridging-Header.h";
			};
			name = Release;
		};
		3845F8001A560A5800191BDA /* Debug */ = {
			isa = XCBuildConfiguration;
			buildSettings = {
				BUNDLE_LOADER = "$(TEST_HOST)";
				FRAMEWORK_SEARCH_PATHS = (
					"$(SDKROOT)/Developer/Library/Frameworks",
					"$(inherited)",
				);
				GCC_PREPROCESSOR_DEFINITIONS = (
					"DEBUG=1",
					"$(inherited)",
				);
				INFOPLIST_FILE = StylpicTests/Info.plist;
				LD_RUNPATH_SEARCH_PATHS = "$(inherited) @executable_path/Frameworks @loader_path/Frameworks";
				PRODUCT_NAME = "$(TARGET_NAME)";
				TEST_HOST = "$(BUILT_PRODUCTS_DIR)/Stylpic.app/Stylpic";
			};
			name = Debug;
		};
		3845F8011A560A5800191BDA /* Release */ = {
			isa = XCBuildConfiguration;
			buildSettings = {
				BUNDLE_LOADER = "$(TEST_HOST)";
				FRAMEWORK_SEARCH_PATHS = (
					"$(SDKROOT)/Developer/Library/Frameworks",
					"$(inherited)",
				);
				INFOPLIST_FILE = StylpicTests/Info.plist;
				LD_RUNPATH_SEARCH_PATHS = "$(inherited) @executable_path/Frameworks @loader_path/Frameworks";
				PRODUCT_NAME = "$(TARGET_NAME)";
				TEST_HOST = "$(BUILT_PRODUCTS_DIR)/Stylpic.app/Stylpic";
			};
			name = Release;
		};
/* End XCBuildConfiguration section */

/* Begin XCConfigurationList section */
		3845F7D61A560A5800191BDA /* Build configuration list for PBXProject "Stylpic" */ = {
			isa = XCConfigurationList;
			buildConfigurations = (
				3845F7FA1A560A5800191BDA /* Debug */,
				3845F7FB1A560A5800191BDA /* Release */,
			);
			defaultConfigurationIsVisible = 0;
			defaultConfigurationName = Release;
		};
		3845F7FC1A560A5800191BDA /* Build configuration list for PBXNativeTarget "Stylpic" */ = {
			isa = XCConfigurationList;
			buildConfigurations = (
				3845F7FD1A560A5800191BDA /* Debug */,
				3845F7FE1A560A5800191BDA /* Release */,
			);
			defaultConfigurationIsVisible = 0;
			defaultConfigurationName = Release;
		};
		3845F7FF1A560A5800191BDA /* Build configuration list for PBXNativeTarget "StylpicTests" */ = {
			isa = XCConfigurationList;
			buildConfigurations = (
				3845F8001A560A5800191BDA /* Debug */,
				3845F8011A560A5800191BDA /* Release */,
			);
			defaultConfigurationIsVisible = 0;
			defaultConfigurationName = Release;
		};
/* End XCConfigurationList section */
	};
	rootObject = 3845F7D31A560A5800191BDA /* Project object */;
}
